// !$*UTF8*$!
{
	archiveVersion = 1;
	classes = {
	};
	objectVersion = 55;
	objects = {

/* Begin PBXBuildFile section */
		CE01E25928E8BF6B00EFDDD6 /* AutostartHelper.swift in Sources */ = {isa = PBXBuildFile; fileRef = CE01E25828E8BF6B00EFDDD6 /* AutostartHelper.swift */; };
		CE01E25B28E8C01E00EFDDD6 /* AutostartHelper.app in CopyFiles */ = {isa = PBXBuildFile; fileRef = CE9BD24628E8908000B6C61D /* AutostartHelper.app */; settings = {ATTRIBUTES = (RemoveHeadersOnCopy, ); }; };
		CE0DB56328BEB4E600B8FC4C /* BTSettingsInfo.swift in Sources */ = {isa = PBXBuildFile; fileRef = CE0DB56228BEB4E600B8FC4C /* BTSettingsInfo.swift */; };
		CE0DB56428BEB4E600B8FC4C /* BTSettingsInfo.swift in Sources */ = {isa = PBXBuildFile; fileRef = CE0DB56228BEB4E600B8FC4C /* BTSettingsInfo.swift */; };
		CE1F5E3728D7339D00F61F67 /* CSIdentification.swift in Sources */ = {isa = PBXBuildFile; fileRef = CE1F5E3528D7339D00F61F67 /* CSIdentification.swift */; };
		CE1F5E3A28D7399D00F61F67 /* CSIdentification.swift in Sources */ = {isa = PBXBuildFile; fileRef = CE1F5E3528D7339D00F61F67 /* CSIdentification.swift */; };
		CE1F5E3C28D760D400F61F67 /* BTLocalization.swift in Sources */ = {isa = PBXBuildFile; fileRef = CE1F5E3B28D760D400F61F67 /* BTLocalization.swift */; };
		CE1F5E3E28D76C6D00F61F67 /* Settings.storyboard in Resources */ = {isa = PBXBuildFile; fileRef = CE1F5E4128D76C6D00F61F67 /* Settings.storyboard */; };
		CE2322D428E5EB8B00874CDE /* BTLoginItem.swift in Sources */ = {isa = PBXBuildFile; fileRef = CE2322D328E5EB8B00874CDE /* BTLoginItem.swift */; };
		CE2B96C028A7E2BB00FE3DDB /* GlobalSleep.swift in Sources */ = {isa = PBXBuildFile; fileRef = CE2B96BF28A7E2BB00FE3DDB /* GlobalSleep.swift */; };
		CE30CBA128C48995001E2AC6 /* SettingsViewController.swift in Sources */ = {isa = PBXBuildFile; fileRef = CE30CBA028C48995001E2AC6 /* SettingsViewController.swift */; };
		CE3179EA28DB540600E9C121 /* BTAuthorization.swift in Sources */ = {isa = PBXBuildFile; fileRef = CE3179E928DB540600E9C121 /* BTAuthorization.swift */; };
		CE3179EC28DB543200E9C121 /* BTAuthorization.swift in Sources */ = {isa = PBXBuildFile; fileRef = CE3179E928DB540600E9C121 /* BTAuthorization.swift */; };
		CE3179ED28DB543600E9C121 /* BTAuthorization.swift in Sources */ = {isa = PBXBuildFile; fileRef = CE3179E928DB540600E9C121 /* BTAuthorization.swift */; };
		CE3179F128DC729900E9C121 /* Upgrading.storyboard in Resources */ = {isa = PBXBuildFile; fileRef = CE3179F328DC729900E9C121 /* Upgrading.storyboard */; };
		CE3179F528DC72D800E9C121 /* UpgradingViewController.swift in Sources */ = {isa = PBXBuildFile; fileRef = CE3179F428DC72D800E9C121 /* UpgradingViewController.swift */; };
		CE37DD0C283F80960060C43F /* Main.storyboard in Resources */ = {isa = PBXBuildFile; fileRef = CE37DD0A283F80960060C43F /* Main.storyboard */; };
		CE39746E285A229F002D0EC9 /* BatteryToolkit.swift in Sources */ = {isa = PBXBuildFile; fileRef = CE39746D285A229F002D0EC9 /* BatteryToolkit.swift */; };
		CE397472285A2396002D0EC9 /* BTDaemonXPCServer.swift in Sources */ = {isa = PBXBuildFile; fileRef = CE397471285A2396002D0EC9 /* BTDaemonXPCServer.swift */; };
		CE397478285A25A1002D0EC9 /* BTDaemonXPCClient.swift in Sources */ = {isa = PBXBuildFile; fileRef = CE397477285A25A1002D0EC9 /* BTDaemonXPCClient.swift */; };
		CE3C1D8528C7FB15008A0F7D /* EMH49F8A2Y.me.mhaeuser.batterytoolkitd.plist in CopyFiles */ = {isa = PBXBuildFile; fileRef = CE675D9528C7E81600F05929 /* EMH49F8A2Y.me.mhaeuser.batterytoolkitd.plist */; settings = {ATTRIBUTES = (CodeSignOnCopy, ); }; };
		CE3C1DA128C92A42008A0F7D /* EMH49F8A2Y.me.mhaeuser.batterytoolkitd in CopyFiles */ = {isa = PBXBuildFile; fileRef = CE39744B2859E6D3002D0EC9 /* EMH49F8A2Y.me.mhaeuser.batterytoolkitd */; settings = {ATTRIBUTES = (CodeSignOnCopy, ); }; };
		CE3C1DA328C9329F008A0F7D /* BTDaemonManagement.swift in Sources */ = {isa = PBXBuildFile; fileRef = CE3C1DA228C9329F008A0F7D /* BTDaemonManagement.swift */; };
		CE3C1DA728CA33FD008A0F7D /* BTLegacyHelperInfo.swift in Sources */ = {isa = PBXBuildFile; fileRef = CE3C1DA628CA33FD008A0F7D /* BTLegacyHelperInfo.swift */; };
		CE3C1DA828CA33FD008A0F7D /* BTLegacyHelperInfo.swift in Sources */ = {isa = PBXBuildFile; fileRef = CE3C1DA628CA33FD008A0F7D /* BTLegacyHelperInfo.swift */; };
		CE3E9FE228CBBE5700642CBB /* ServiceManagement.framework in Frameworks */ = {isa = PBXBuildFile; fileRef = CE6B75FF28BC1995008DF170 /* ServiceManagement.framework */; };
		CE4303CD28E38D00006172ED /* BTErrorHandler.swift in Sources */ = {isa = PBXBuildFile; fileRef = CE4303CC28E38D00006172ED /* BTErrorHandler.swift */; };
		CE50557128D65B48000E4387 /* BTXPCValidation.swift in Sources */ = {isa = PBXBuildFile; fileRef = CE50557028D65B48000E4387 /* BTXPCValidation.swift */; };
		CE50557228D65B48000E4387 /* BTXPCValidation.swift in Sources */ = {isa = PBXBuildFile; fileRef = CE50557028D65B48000E4387 /* BTXPCValidation.swift */; };
		CE50557328D65C6D000E4387 /* BTPreprocessor.m in Sources */ = {isa = PBXBuildFile; fileRef = CEE387BD28A836AA00C2007C /* BTPreprocessor.m */; };
		CE52867B28298B6E00860C7B /* Assets.xcassets in Resources */ = {isa = PBXBuildFile; fileRef = CE52867A28298B6E00860C7B /* Assets.xcassets */; };
		CE52868628298CA300860C7B /* AppDelegate.swift in Sources */ = {isa = PBXBuildFile; fileRef = CE52868528298CA300860C7B /* AppDelegate.swift */; };
		CE54510228D9FE9D00D6EB5F /* BTDaemonManagement.swift in Sources */ = {isa = PBXBuildFile; fileRef = CE54510128D9FE9D00D6EB5F /* BTDaemonManagement.swift */; };
		CE54510428DA017300D6EB5F /* BTAppPrompts.swift in Sources */ = {isa = PBXBuildFile; fileRef = CE54510328DA017300D6EB5F /* BTAppPrompts.swift */; };
		CE5E5AE328DE214200AF1D07 /* BTAccessoryMode.swift in Sources */ = {isa = PBXBuildFile; fileRef = CE5E5AE228DE214200AF1D07 /* BTAccessoryMode.swift */; };
		CE5E5AE528DE292D00AF1D07 /* CommandsMenuDelegate.swift in Sources */ = {isa = PBXBuildFile; fileRef = CE5E5AE428DE292D00AF1D07 /* CommandsMenuDelegate.swift */; };
		CE5E5AE828DE31EB00AF1D07 /* SettingsMenuItem.swift in Sources */ = {isa = PBXBuildFile; fileRef = CE5E5AE728DE31EB00AF1D07 /* SettingsMenuItem.swift */; };
		CE5E5AF328DF183E00AF1D07 /* BTAuthorizationRights.swift in Sources */ = {isa = PBXBuildFile; fileRef = CE5E5AF228DF183E00AF1D07 /* BTAuthorizationRights.swift */; };
		CE5E5AF428DF183E00AF1D07 /* BTAuthorizationRights.swift in Sources */ = {isa = PBXBuildFile; fileRef = CE5E5AF228DF183E00AF1D07 /* BTAuthorizationRights.swift */; };
		CE5E5AF628DF187C00AF1D07 /* BTAuthorizationRights.swift in Sources */ = {isa = PBXBuildFile; fileRef = CE5E5AF228DF183E00AF1D07 /* BTAuthorizationRights.swift */; };
		CE5E5AF828DF1CB100AF1D07 /* BTError.swift in Sources */ = {isa = PBXBuildFile; fileRef = CE5E5AF728DF1CB100AF1D07 /* BTError.swift */; };
		CE5E5AF928DF1CB100AF1D07 /* BTError.swift in Sources */ = {isa = PBXBuildFile; fileRef = CE5E5AF728DF1CB100AF1D07 /* BTError.swift */; };
		CE6B75F928BC18EA008DF170 /* BTDaemonCommProtocol.swift in Sources */ = {isa = PBXBuildFile; fileRef = CEA80FDA285A57030064ADEA /* BTDaemonCommProtocol.swift */; };
		CE6B75FA28BC1908008DF170 /* BTDaemonCommProtocol.swift in Sources */ = {isa = PBXBuildFile; fileRef = CEA80FDA285A57030064ADEA /* BTDaemonCommProtocol.swift */; };
		CE6B75FC28BC196C008DF170 /* Foundation.framework in Frameworks */ = {isa = PBXBuildFile; fileRef = CE6C06A028A8398600D76CC8 /* Foundation.framework */; };
		CE6B75FD28BC1986008DF170 /* Foundation.framework in Frameworks */ = {isa = PBXBuildFile; fileRef = CE6C06A028A8398600D76CC8 /* Foundation.framework */; };
		CE6B75FE28BC198E008DF170 /* Foundation.framework in Frameworks */ = {isa = PBXBuildFile; fileRef = CE6C06A028A8398600D76CC8 /* Foundation.framework */; };
		CE6B760128BC199F008DF170 /* IOKit.framework in Frameworks */ = {isa = PBXBuildFile; fileRef = CE00654428A989DD0049B17D /* IOKit.framework */; };
		CE6B760228BC19B5008DF170 /* CoreFoundation.framework in Frameworks */ = {isa = PBXBuildFile; fileRef = CE00654628A989EB0049B17D /* CoreFoundation.framework */; };
		CE6B760428BC19C7008DF170 /* Cocoa.framework in Frameworks */ = {isa = PBXBuildFile; fileRef = CE6B760328BC19C7008DF170 /* Cocoa.framework */; };
		CE6B760728BC1ABC008DF170 /* BTAppXPCClient.swift in Sources */ = {isa = PBXBuildFile; fileRef = CE6B760628BC1ABC008DF170 /* BTAppXPCClient.swift */; };
		CE6B760928BC1D15008DF170 /* BTServiceXPCServer.swift in Sources */ = {isa = PBXBuildFile; fileRef = CE6B760828BC1D15008DF170 /* BTServiceXPCServer.swift */; };
		CE7F623428B95A7E00EF58F9 /* BTPreprocessor.m in Sources */ = {isa = PBXBuildFile; fileRef = CEE387BD28A836AA00C2007C /* BTPreprocessor.m */; };
		CE7F623528B95A8200EF58F9 /* BTPreprocessor.m in Sources */ = {isa = PBXBuildFile; fileRef = CEE387BD28A836AA00C2007C /* BTPreprocessor.m */; };
		CE85D05F28D7B7E6005D1E0C /* BTDaemonManagement+Service.swift in Sources */ = {isa = PBXBuildFile; fileRef = CE85D05E28D7B7E6005D1E0C /* BTDaemonManagement+Service.swift */; };
		CE8ED7F428C144EE00398581 /* BTDispatcher.swift in Sources */ = {isa = PBXBuildFile; fileRef = CE8ED7F328C144EE00398581 /* BTDispatcher.swift */; };
		CEA3909328DFAE1C0023261A /* BTXPCValidation.swift in Sources */ = {isa = PBXBuildFile; fileRef = CE50557028D65B48000E4387 /* BTXPCValidation.swift */; };
		CEA80FCB285A27CF0064ADEA /* SMCComm.swift in Sources */ = {isa = PBXBuildFile; fileRef = CE37DD0D283F86F90060C43F /* SMCComm.swift */; };
		CEA80FCC285A27D20064ADEA /* SMCComm+Power.swift in Sources */ = {isa = PBXBuildFile; fileRef = CE37DD0F284164160060C43F /* SMCComm+Power.swift */; };
		CEA80FD0285A27FB0064ADEA /* BTPowerEvents.swift in Sources */ = {isa = PBXBuildFile; fileRef = CEC321AF284BAA2B009B9A30 /* BTPowerEvents.swift */; };
		CEA80FD2285A28230064ADEA /* BTSettings.swift in Sources */ = {isa = PBXBuildFile; fileRef = CE3A8F6C284D056D00A9E373 /* BTSettings.swift */; };
		CEA80FD6285A565C0064ADEA /* BTDaemonComm.swift in Sources */ = {isa = PBXBuildFile; fileRef = CEA80FD5285A565C0064ADEA /* BTDaemonComm.swift */; };
		CEA80FD8285A56B60064ADEA /* BTDaemon.swift in Sources */ = {isa = PBXBuildFile; fileRef = CEA80FD7285A56B50064ADEA /* BTDaemon.swift */; };
		CEB09B7328D7B9A5007FFB37 /* BTDaemonManagement+Legacy.swift in Sources */ = {isa = PBXBuildFile; fileRef = CEB09B7228D7B9A5007FFB37 /* BTDaemonManagement+Legacy.swift */; };
		CEB4A42428D39ECE004FA277 /* BTDaemonManagement+Status.swift in Sources */ = {isa = PBXBuildFile; fileRef = CEB4A42328D39ECE004FA277 /* BTDaemonManagement+Status.swift */; };
		CEB4A42828D3B184004FA277 /* BTStateInfo.swift in Sources */ = {isa = PBXBuildFile; fileRef = CEB4A42728D3B184004FA277 /* BTStateInfo.swift */; };
		CEB4A42928D3B184004FA277 /* BTStateInfo.swift in Sources */ = {isa = PBXBuildFile; fileRef = CEB4A42728D3B184004FA277 /* BTStateInfo.swift */; };
		CEB4A42F28D4D4D0004FA277 /* SettingsWindowController.swift in Sources */ = {isa = PBXBuildFile; fileRef = CEB4A42E28D4D4D0004FA277 /* SettingsWindowController.swift */; };
		CED8DD3928C365790082C02A /* Security.framework in Frameworks */ = {isa = PBXBuildFile; fileRef = CED8DD3828C365790082C02A /* Security.framework */; };
		CEE1655328E58D9100DC2443 /* SecCodeEx.c in Sources */ = {isa = PBXBuildFile; fileRef = CEF3496E28DCD36100A1CECD /* SecCodeEx.c */; };
		CEE1655528E58DAF00DC2443 /* libSecCodeEx.a in Frameworks */ = {isa = PBXBuildFile; fileRef = CEE1654F28E4B65B00DC2443 /* libSecCodeEx.a */; };
		CEE1655628E58DB900DC2443 /* libSecCodeEx.a in Frameworks */ = {isa = PBXBuildFile; fileRef = CEE1654F28E4B65B00DC2443 /* libSecCodeEx.a */; };
		CEE1655728E58DBF00DC2443 /* libSecCodeEx.a in Frameworks */ = {isa = PBXBuildFile; fileRef = CEE1654F28E4B65B00DC2443 /* libSecCodeEx.a */; };
		CEECE31128BAB12000821A3B /* BTPowerState.swift in Sources */ = {isa = PBXBuildFile; fileRef = CEECE31028BAB12000821A3B /* BTPowerState.swift */; };
		CEECE32328BB648F00821A3B /* Battery Toolkit Service.xpc in Embed XPC Services */ = {isa = PBXBuildFile; fileRef = CEECE31828BB648F00821A3B /* Battery Toolkit Service.xpc */; settings = {ATTRIBUTES = (RemoveHeadersOnCopy, ); }; };
		CEECE32828BB652400821A3B /* BTService.swift in Sources */ = {isa = PBXBuildFile; fileRef = CEECE32728BB652400821A3B /* BTService.swift */; };
		CEECE33028BB742500821A3B /* BTServiceCommProtocol.swift in Sources */ = {isa = PBXBuildFile; fileRef = CEECE32F28BB742500821A3B /* BTServiceCommProtocol.swift */; };
		CEECE33128BB742500821A3B /* BTServiceCommProtocol.swift in Sources */ = {isa = PBXBuildFile; fileRef = CEECE32F28BB742500821A3B /* BTServiceCommProtocol.swift */; };
		CEECE33328BB745B00821A3B /* BTServiceComm.swift in Sources */ = {isa = PBXBuildFile; fileRef = CEECE33228BB745B00821A3B /* BTServiceComm.swift */; };
/* End PBXBuildFile section */

/* Begin PBXContainerItemProxy section */
		CE397450285A2100002D0EC9 /* PBXContainerItemProxy */ = {
			isa = PBXContainerItemProxy;
			containerPortal = CE52866B28298B6D00860C7B /* Project object */;
			proxyType = 1;
			remoteGlobalIDString = CE3974402859E518002D0EC9;
			remoteInfo = batterytoolkitd;
		};
		CE9BD25828E899E600B6C61D /* PBXContainerItemProxy */ = {
			isa = PBXContainerItemProxy;
			containerPortal = CE52866B28298B6D00860C7B /* Project object */;
			proxyType = 1;
			remoteGlobalIDString = CE9BD24528E8908000B6C61D;
			remoteInfo = "Battery Toolkit Autostart";
		};
		CEECE32128BB648F00821A3B /* PBXContainerItemProxy */ = {
			isa = PBXContainerItemProxy;
			containerPortal = CE52866B28298B6D00860C7B /* Project object */;
			proxyType = 1;
			remoteGlobalIDString = CEECE31728BB648F00821A3B;
			remoteInfo = BatteryToolkitXPC;
		};
/* End PBXContainerItemProxy section */

/* Begin PBXCopyFilesBuildPhase section */
		CE3C1D8428C7FB09008A0F7D /* CopyFiles */ = {
			isa = PBXCopyFilesBuildPhase;
			buildActionMask = 2147483647;
			dstPath = Contents/Library/LaunchDaemons;
			dstSubfolderSpec = 1;
			files = (
				CE3C1D8528C7FB15008A0F7D /* EMH49F8A2Y.me.mhaeuser.batterytoolkitd.plist in CopyFiles */,
			);
			runOnlyForDeploymentPostprocessing = 0;
		};
		CE3C1DA028C92A3A008A0F7D /* CopyFiles */ = {
			isa = PBXCopyFilesBuildPhase;
			buildActionMask = 2147483647;
			dstPath = Contents/Library/LaunchServices;
			dstSubfolderSpec = 1;
			files = (
				CE3C1DA128C92A42008A0F7D /* EMH49F8A2Y.me.mhaeuser.batterytoolkitd in CopyFiles */,
			);
			runOnlyForDeploymentPostprocessing = 0;
		};
		CE3D5ADC285DE59100705842 /* Embed XPC Services */ = {
			isa = PBXCopyFilesBuildPhase;
			buildActionMask = 2147483647;
			dstPath = "$(CONTENTS_FOLDER_PATH)/XPCServices";
			dstSubfolderSpec = 16;
			files = (
				CEECE32328BB648F00821A3B /* Battery Toolkit Service.xpc in Embed XPC Services */,
			);
			name = "Embed XPC Services";
			runOnlyForDeploymentPostprocessing = 0;
		};
		CE9BD25628E8975C00B6C61D /* CopyFiles */ = {
			isa = PBXCopyFilesBuildPhase;
			buildActionMask = 2147483647;
			dstPath = Contents/Library/LoginItems;
			dstSubfolderSpec = 1;
			files = (
				CE01E25B28E8C01E00EFDDD6 /* AutostartHelper.app in CopyFiles */,
			);
			runOnlyForDeploymentPostprocessing = 0;
		};
/* End PBXCopyFilesBuildPhase section */

/* Begin PBXFileReference section */
		CE00654428A989DD0049B17D /* IOKit.framework */ = {isa = PBXFileReference; lastKnownFileType = wrapper.framework; name = IOKit.framework; path = System/Library/Frameworks/IOKit.framework; sourceTree = SDKROOT; };
		CE00654628A989EB0049B17D /* CoreFoundation.framework */ = {isa = PBXFileReference; lastKnownFileType = wrapper.framework; name = CoreFoundation.framework; path = System/Library/Frameworks/CoreFoundation.framework; sourceTree = SDKROOT; };
		CE01E25728E8BF6B00EFDDD6 /* AutostartHelper.entitlements */ = {isa = PBXFileReference; fileEncoding = 4; lastKnownFileType = text.plist.entitlements; path = AutostartHelper.entitlements; sourceTree = "<group>"; };
		CE01E25828E8BF6B00EFDDD6 /* AutostartHelper.swift */ = {isa = PBXFileReference; fileEncoding = 4; lastKnownFileType = sourcecode.swift; path = AutostartHelper.swift; sourceTree = "<group>"; };
		CE0DB56228BEB4E600B8FC4C /* BTSettingsInfo.swift */ = {isa = PBXFileReference; lastKnownFileType = sourcecode.swift; path = BTSettingsInfo.swift; sourceTree = "<group>"; };
		CE1F5E3528D7339D00F61F67 /* CSIdentification.swift */ = {isa = PBXFileReference; lastKnownFileType = sourcecode.swift; path = CSIdentification.swift; sourceTree = "<group>"; };
		CE1F5E3B28D760D400F61F67 /* BTLocalization.swift */ = {isa = PBXFileReference; lastKnownFileType = sourcecode.swift; path = BTLocalization.swift; sourceTree = "<group>"; };
		CE1F5E4028D76C6D00F61F67 /* Base */ = {isa = PBXFileReference; lastKnownFileType = file.storyboard; name = Base; path = Base.lproj/Settings.storyboard; sourceTree = "<group>"; };
		CE2322D328E5EB8B00874CDE /* BTLoginItem.swift */ = {isa = PBXFileReference; lastKnownFileType = sourcecode.swift; path = BTLoginItem.swift; sourceTree = "<group>"; };
		CE2B96BD28A7CEFE00FE3DDB /* IOPMLibPrivate.h */ = {isa = PBXFileReference; lastKnownFileType = sourcecode.c.h; path = IOPMLibPrivate.h; sourceTree = "<group>"; };
		CE2B96BF28A7E2BB00FE3DDB /* GlobalSleep.swift */ = {isa = PBXFileReference; lastKnownFileType = sourcecode.swift; path = GlobalSleep.swift; sourceTree = "<group>"; };
		CE2B96C228A81C5100FE3DDB /* BTPreprocessor.h */ = {isa = PBXFileReference; lastKnownFileType = sourcecode.c.h; path = BTPreprocessor.h; sourceTree = "<group>"; };
		CE2B96C328A81CB900FE3DDB /* module.modulemap */ = {isa = PBXFileReference; lastKnownFileType = "sourcecode.module-map"; path = module.modulemap; sourceTree = "<group>"; };
		CE30CBA028C48995001E2AC6 /* SettingsViewController.swift */ = {isa = PBXFileReference; lastKnownFileType = sourcecode.swift; path = SettingsViewController.swift; sourceTree = "<group>"; };
		CE3179E928DB540600E9C121 /* BTAuthorization.swift */ = {isa = PBXFileReference; fileEncoding = 4; lastKnownFileType = sourcecode.swift; path = BTAuthorization.swift; sourceTree = "<group>"; };
		CE3179F228DC729900E9C121 /* Base */ = {isa = PBXFileReference; lastKnownFileType = file.storyboard; name = Base; path = Base.lproj/Upgrading.storyboard; sourceTree = "<group>"; };
		CE3179F428DC72D800E9C121 /* UpgradingViewController.swift */ = {isa = PBXFileReference; lastKnownFileType = sourcecode.swift; path = UpgradingViewController.swift; sourceTree = "<group>"; };
		CE37DD0B283F80960060C43F /* Base */ = {isa = PBXFileReference; lastKnownFileType = file.storyboard; name = Base; path = Base.lproj/Main.storyboard; sourceTree = "<group>"; };
		CE37DD0D283F86F90060C43F /* SMCComm.swift */ = {isa = PBXFileReference; lastKnownFileType = sourcecode.swift; path = SMCComm.swift; sourceTree = "<group>"; };
		CE37DD0F284164160060C43F /* SMCComm+Power.swift */ = {isa = PBXFileReference; lastKnownFileType = sourcecode.swift; path = "SMCComm+Power.swift"; sourceTree = "<group>"; };
		CE39744B2859E6D3002D0EC9 /* EMH49F8A2Y.me.mhaeuser.batterytoolkitd */ = {isa = PBXFileReference; explicitFileType = "compiled.mach-o.executable"; includeInIndex = 0; path = EMH49F8A2Y.me.mhaeuser.batterytoolkitd; sourceTree = BUILT_PRODUCTS_DIR; };
		CE39744C285A1D35002D0EC9 /* Battery Toolkit.app */ = {isa = PBXFileReference; explicitFileType = wrapper.application; includeInIndex = 0; path = "Battery Toolkit.app"; sourceTree = BUILT_PRODUCTS_DIR; };
		CE39746D285A229F002D0EC9 /* BatteryToolkit.swift */ = {isa = PBXFileReference; lastKnownFileType = sourcecode.swift; path = BatteryToolkit.swift; sourceTree = "<group>"; };
		CE397471285A2396002D0EC9 /* BTDaemonXPCServer.swift */ = {isa = PBXFileReference; lastKnownFileType = sourcecode.swift; path = BTDaemonXPCServer.swift; sourceTree = "<group>"; };
		CE397477285A25A1002D0EC9 /* BTDaemonXPCClient.swift */ = {isa = PBXFileReference; lastKnownFileType = sourcecode.swift; path = BTDaemonXPCClient.swift; sourceTree = "<group>"; };
		CE3A8F6C284D056D00A9E373 /* BTSettings.swift */ = {isa = PBXFileReference; lastKnownFileType = sourcecode.swift; path = BTSettings.swift; sourceTree = "<group>"; };
		CE3C1D8028C7F622008A0F7D /* launchd.plist */ = {isa = PBXFileReference; fileEncoding = 4; lastKnownFileType = text.plist.xml; path = launchd.plist; sourceTree = "<group>"; };
		CE3C1D8128C7F950008A0F7D /* uninstall.sh */ = {isa = PBXFileReference; lastKnownFileType = text.script.sh; path = uninstall.sh; sourceTree = "<group>"; };
		CE3C1DA228C9329F008A0F7D /* BTDaemonManagement.swift */ = {isa = PBXFileReference; lastKnownFileType = sourcecode.swift; path = BTDaemonManagement.swift; sourceTree = "<group>"; };
		CE3C1DA628CA33FD008A0F7D /* BTLegacyHelperInfo.swift */ = {isa = PBXFileReference; lastKnownFileType = sourcecode.swift; path = BTLegacyHelperInfo.swift; sourceTree = "<group>"; };
		CE4303CC28E38D00006172ED /* BTErrorHandler.swift */ = {isa = PBXFileReference; fileEncoding = 4; lastKnownFileType = sourcecode.swift; path = BTErrorHandler.swift; sourceTree = "<group>"; };
		CE50557028D65B48000E4387 /* BTXPCValidation.swift */ = {isa = PBXFileReference; lastKnownFileType = sourcecode.swift; path = BTXPCValidation.swift; sourceTree = "<group>"; };
		CE52867A28298B6E00860C7B /* Assets.xcassets */ = {isa = PBXFileReference; lastKnownFileType = folder.assetcatalog; path = Assets.xcassets; sourceTree = "<group>"; };
		CE52867F28298B6E00860C7B /* BatteryToolkit.entitlements */ = {isa = PBXFileReference; lastKnownFileType = text.plist.entitlements; path = BatteryToolkit.entitlements; sourceTree = "<group>"; };
		CE52868528298CA300860C7B /* AppDelegate.swift */ = {isa = PBXFileReference; lastKnownFileType = sourcecode.swift; path = AppDelegate.swift; sourceTree = "<group>"; };
		CE54510128D9FE9D00D6EB5F /* BTDaemonManagement.swift */ = {isa = PBXFileReference; lastKnownFileType = sourcecode.swift; path = BTDaemonManagement.swift; sourceTree = "<group>"; };
		CE54510328DA017300D6EB5F /* BTAppPrompts.swift */ = {isa = PBXFileReference; lastKnownFileType = sourcecode.swift; path = BTAppPrompts.swift; sourceTree = "<group>"; };
		CE5E5AE228DE214200AF1D07 /* BTAccessoryMode.swift */ = {isa = PBXFileReference; lastKnownFileType = sourcecode.swift; path = BTAccessoryMode.swift; sourceTree = "<group>"; };
		CE5E5AE428DE292D00AF1D07 /* CommandsMenuDelegate.swift */ = {isa = PBXFileReference; fileEncoding = 4; lastKnownFileType = sourcecode.swift; path = CommandsMenuDelegate.swift; sourceTree = "<group>"; };
		CE5E5AE728DE31EB00AF1D07 /* SettingsMenuItem.swift */ = {isa = PBXFileReference; lastKnownFileType = sourcecode.swift; path = SettingsMenuItem.swift; sourceTree = "<group>"; };
		CE5E5AF228DF183E00AF1D07 /* BTAuthorizationRights.swift */ = {isa = PBXFileReference; lastKnownFileType = sourcecode.swift; path = BTAuthorizationRights.swift; sourceTree = "<group>"; };
		CE5E5AF728DF1CB100AF1D07 /* BTError.swift */ = {isa = PBXFileReference; lastKnownFileType = sourcecode.swift; path = BTError.swift; sourceTree = "<group>"; };
		CE675D9528C7E81600F05929 /* EMH49F8A2Y.me.mhaeuser.batterytoolkitd.plist */ = {isa = PBXFileReference; fileEncoding = 4; lastKnownFileType = text.plist.xml; path = EMH49F8A2Y.me.mhaeuser.batterytoolkitd.plist; sourceTree = "<group>"; };
		CE675D9628C7E82E00F05929 /* Info.plist */ = {isa = PBXFileReference; fileEncoding = 4; lastKnownFileType = text.plist.xml; path = Info.plist; sourceTree = "<group>"; };
		CE6B75FF28BC1995008DF170 /* ServiceManagement.framework */ = {isa = PBXFileReference; lastKnownFileType = wrapper.framework; name = ServiceManagement.framework; path = System/Library/Frameworks/ServiceManagement.framework; sourceTree = SDKROOT; };
		CE6B760328BC19C7008DF170 /* Cocoa.framework */ = {isa = PBXFileReference; lastKnownFileType = wrapper.framework; name = Cocoa.framework; path = System/Library/Frameworks/Cocoa.framework; sourceTree = SDKROOT; };
		CE6B760628BC1ABC008DF170 /* BTAppXPCClient.swift */ = {isa = PBXFileReference; lastKnownFileType = sourcecode.swift; path = BTAppXPCClient.swift; sourceTree = "<group>"; };
		CE6B760828BC1D15008DF170 /* BTServiceXPCServer.swift */ = {isa = PBXFileReference; lastKnownFileType = sourcecode.swift; path = BTServiceXPCServer.swift; sourceTree = "<group>"; };
		CE6C06A028A8398600D76CC8 /* Foundation.framework */ = {isa = PBXFileReference; lastKnownFileType = wrapper.framework; name = Foundation.framework; path = System/Library/Frameworks/Foundation.framework; sourceTree = SDKROOT; };
		CE6C06A428A84AAB00D76CC8 /* module.modulemap */ = {isa = PBXFileReference; lastKnownFileType = "sourcecode.module-map"; path = module.modulemap; sourceTree = "<group>"; };
		CE85D05E28D7B7E6005D1E0C /* BTDaemonManagement+Service.swift */ = {isa = PBXFileReference; lastKnownFileType = sourcecode.swift; path = "BTDaemonManagement+Service.swift"; sourceTree = "<group>"; };
		CE8ED7F328C144EE00398581 /* BTDispatcher.swift */ = {isa = PBXFileReference; lastKnownFileType = sourcecode.swift; path = BTDispatcher.swift; sourceTree = "<group>"; };
		CE9BD24628E8908000B6C61D /* AutostartHelper.app */ = {isa = PBXFileReference; explicitFileType = wrapper.application; includeInIndex = 0; path = AutostartHelper.app; sourceTree = BUILT_PRODUCTS_DIR; };
		CEA80FD3285A51600064ADEA /* NSXPCConnection+AuditToken.h */ = {isa = PBXFileReference; lastKnownFileType = sourcecode.c.h; path = "NSXPCConnection+AuditToken.h"; sourceTree = "<group>"; };
		CEA80FD5285A565C0064ADEA /* BTDaemonComm.swift */ = {isa = PBXFileReference; lastKnownFileType = sourcecode.swift; path = BTDaemonComm.swift; sourceTree = "<group>"; };
		CEA80FD7285A56B50064ADEA /* BTDaemon.swift */ = {isa = PBXFileReference; lastKnownFileType = sourcecode.swift; path = BTDaemon.swift; sourceTree = "<group>"; };
		CEA80FDA285A57030064ADEA /* BTDaemonCommProtocol.swift */ = {isa = PBXFileReference; lastKnownFileType = sourcecode.swift; path = BTDaemonCommProtocol.swift; sourceTree = "<group>"; };
		CEB09B7228D7B9A5007FFB37 /* BTDaemonManagement+Legacy.swift */ = {isa = PBXFileReference; lastKnownFileType = sourcecode.swift; path = "BTDaemonManagement+Legacy.swift"; sourceTree = "<group>"; };
		CEB4671B2843BFA000D7CB01 /* SMCParamStruct.h */ = {isa = PBXFileReference; lastKnownFileType = sourcecode.c.h; path = SMCParamStruct.h; sourceTree = "<group>"; };
		CEB4671D2843C87200D7CB01 /* module.modulemap */ = {isa = PBXFileReference; lastKnownFileType = "sourcecode.module-map"; path = module.modulemap; sourceTree = "<group>"; };
		CEB4A42328D39ECE004FA277 /* BTDaemonManagement+Status.swift */ = {isa = PBXFileReference; lastKnownFileType = sourcecode.swift; path = "BTDaemonManagement+Status.swift"; sourceTree = "<group>"; };
		CEB4A42728D3B184004FA277 /* BTStateInfo.swift */ = {isa = PBXFileReference; lastKnownFileType = sourcecode.swift; path = BTStateInfo.swift; sourceTree = "<group>"; };
		CEB4A42E28D4D4D0004FA277 /* SettingsWindowController.swift */ = {isa = PBXFileReference; lastKnownFileType = sourcecode.swift; path = SettingsWindowController.swift; sourceTree = "<group>"; };
		CEC321AF284BAA2B009B9A30 /* BTPowerEvents.swift */ = {isa = PBXFileReference; lastKnownFileType = sourcecode.swift; path = BTPowerEvents.swift; sourceTree = "<group>"; };
		CEC321B1284BBC93009B9A30 /* IOPowerSourcesPrivate.h */ = {isa = PBXFileReference; lastKnownFileType = sourcecode.c.h; path = IOPowerSourcesPrivate.h; sourceTree = "<group>"; };
		CED8DD3728C364FA0082C02A /* module.modulemap */ = {isa = PBXFileReference; lastKnownFileType = "sourcecode.module-map"; path = module.modulemap; sourceTree = "<group>"; };
		CED8DD3828C365790082C02A /* Security.framework */ = {isa = PBXFileReference; lastKnownFileType = wrapper.framework; name = Security.framework; path = System/Library/Frameworks/Security.framework; sourceTree = SDKROOT; };
		CEE1654F28E4B65B00DC2443 /* libSecCodeEx.a */ = {isa = PBXFileReference; explicitFileType = archive.ar; includeInIndex = 0; path = libSecCodeEx.a; sourceTree = BUILT_PRODUCTS_DIR; };
		CEE387BD28A836AA00C2007C /* BTPreprocessor.m */ = {isa = PBXFileReference; lastKnownFileType = sourcecode.c.objc; path = BTPreprocessor.m; sourceTree = "<group>"; };
		CEE95015285BC3EF00FF60E0 /* Info.plist */ = {isa = PBXFileReference; lastKnownFileType = text.plist; path = Info.plist; sourceTree = "<group>"; };
		CEECE31028BAB12000821A3B /* BTPowerState.swift */ = {isa = PBXFileReference; lastKnownFileType = sourcecode.swift; path = BTPowerState.swift; sourceTree = "<group>"; };
		CEECE31828BB648F00821A3B /* Battery Toolkit Service.xpc */ = {isa = PBXFileReference; explicitFileType = "wrapper.xpc-service"; includeInIndex = 0; path = "Battery Toolkit Service.xpc"; sourceTree = BUILT_PRODUCTS_DIR; };
		CEECE32028BB648F00821A3B /* Info.plist */ = {isa = PBXFileReference; lastKnownFileType = text.plist.xml; path = Info.plist; sourceTree = "<group>"; };
		CEECE32728BB652400821A3B /* BTService.swift */ = {isa = PBXFileReference; lastKnownFileType = sourcecode.swift; path = BTService.swift; sourceTree = "<group>"; };
		CEECE32F28BB742500821A3B /* BTServiceCommProtocol.swift */ = {isa = PBXFileReference; lastKnownFileType = sourcecode.swift; path = BTServiceCommProtocol.swift; sourceTree = "<group>"; };
		CEECE33228BB745B00821A3B /* BTServiceComm.swift */ = {isa = PBXFileReference; lastKnownFileType = sourcecode.swift; path = BTServiceComm.swift; sourceTree = "<group>"; };
		CEF3496E28DCD36100A1CECD /* SecCodeEx.c */ = {isa = PBXFileReference; lastKnownFileType = sourcecode.c.c; path = SecCodeEx.c; sourceTree = "<group>"; };
		CEF3496F28DCD52400A1CECD /* SecCodeEx.h */ = {isa = PBXFileReference; lastKnownFileType = sourcecode.c.h; path = SecCodeEx.h; sourceTree = "<group>"; };
		CEF3497028DCD55900A1CECD /* module.modulemap */ = {isa = PBXFileReference; lastKnownFileType = "sourcecode.module-map"; path = module.modulemap; sourceTree = "<group>"; };
/* End PBXFileReference section */

/* Begin PBXFrameworksBuildPhase section */
		CE39743E2859E518002D0EC9 /* Frameworks */ = {
			isa = PBXFrameworksBuildPhase;
			buildActionMask = 2147483647;
			files = (
				CEE1655628E58DB900DC2443 /* libSecCodeEx.a in Frameworks */,
				CE6B760228BC19B5008DF170 /* CoreFoundation.framework in Frameworks */,
				CE6B75FC28BC196C008DF170 /* Foundation.framework in Frameworks */,
				CED8DD3928C365790082C02A /* Security.framework in Frameworks */,
				CE6B760128BC199F008DF170 /* IOKit.framework in Frameworks */,
			);
			runOnlyForDeploymentPostprocessing = 0;
		};
		CE52867028298B6D00860C7B /* Frameworks */ = {
			isa = PBXFrameworksBuildPhase;
			buildActionMask = 2147483647;
			files = (
				CEE1655528E58DAF00DC2443 /* libSecCodeEx.a in Frameworks */,
				CE3E9FE228CBBE5700642CBB /* ServiceManagement.framework in Frameworks */,
				CE6B760428BC19C7008DF170 /* Cocoa.framework in Frameworks */,
				CE6B75FD28BC1986008DF170 /* Foundation.framework in Frameworks */,
			);
			runOnlyForDeploymentPostprocessing = 0;
		};
		CEECE31528BB648F00821A3B /* Frameworks */ = {
			isa = PBXFrameworksBuildPhase;
			buildActionMask = 2147483647;
			files = (
				CEE1655728E58DBF00DC2443 /* libSecCodeEx.a in Frameworks */,
				CE6B75FE28BC198E008DF170 /* Foundation.framework in Frameworks */,
			);
			runOnlyForDeploymentPostprocessing = 0;
		};
/* End PBXFrameworksBuildPhase section */

/* Begin PBXGroup section */
		CE0DA2BB28D7BFA800C35C45 /* DaemonManagement */ = {
			isa = PBXGroup;
			children = (
				CE3C1DA228C9329F008A0F7D /* BTDaemonManagement.swift */,
				CEB09B7228D7B9A5007FFB37 /* BTDaemonManagement+Legacy.swift */,
				CE85D05E28D7B7E6005D1E0C /* BTDaemonManagement+Service.swift */,
				CEB4A42328D39ECE004FA277 /* BTDaemonManagement+Status.swift */,
			);
			path = DaemonManagement;
			sourceTree = "<group>";
		};
		CE3974422859E518002D0EC9 /* EMH49F8A2Y.me.mhaeuser.batterytoolkitd */ = {
			isa = PBXGroup;
			children = (
				CE675D9628C7E82E00F05929 /* Info.plist */,
				CE675D9528C7E81600F05929 /* EMH49F8A2Y.me.mhaeuser.batterytoolkitd.plist */,
				CE3C1D8028C7F622008A0F7D /* launchd.plist */,
				CEA80FD7285A56B50064ADEA /* BTDaemon.swift */,
				CEA80FD5285A565C0064ADEA /* BTDaemonComm.swift */,
				CE54510128D9FE9D00D6EB5F /* BTDaemonManagement.swift */,
				CE397471285A2396002D0EC9 /* BTDaemonXPCServer.swift */,
				CE8ED7F328C144EE00398581 /* BTDispatcher.swift */,
				CEC321AF284BAA2B009B9A30 /* BTPowerEvents.swift */,
				CEECE31028BAB12000821A3B /* BTPowerState.swift */,
				CE3A8F6C284D056D00A9E373 /* BTSettings.swift */,
			);
			path = EMH49F8A2Y.me.mhaeuser.batterytoolkitd;
			sourceTree = "<group>";
		};
		CE3A8F6E284D26BA00A9E373 /* Frameworks */ = {
			isa = PBXGroup;
			children = (
				CE6B760328BC19C7008DF170 /* Cocoa.framework */,
				CE00654628A989EB0049B17D /* CoreFoundation.framework */,
				CE6C06A028A8398600D76CC8 /* Foundation.framework */,
				CE00654428A989DD0049B17D /* IOKit.framework */,
				CED8DD3828C365790082C02A /* Security.framework */,
				CE6B75FF28BC1995008DF170 /* ServiceManagement.framework */,
			);
			name = Frameworks;
			sourceTree = "<group>";
		};
		CE52866A28298B6D00860C7B = {
			isa = PBXGroup;
			children = (
				CEC74DDB28F0290200488CDC /* Modules */,
				CE555D89285D2A0B0031A6F9 /* Libraries */,
				CE6B75F728BC18DD008DF170 /* Common */,
				CE9BD24728E8908000B6C61D /* AutostartHelper */,
				CEECE31928BB648F00821A3B /* BatteryToolkitService */,
				CE3974422859E518002D0EC9 /* EMH49F8A2Y.me.mhaeuser.batterytoolkitd */,
				CE52867528298B6D00860C7B /* BatteryToolkit */,
				CE3C1D8128C7F950008A0F7D /* uninstall.sh */,
				CE3A8F6E284D26BA00A9E373 /* Frameworks */,
				CEE1654F28E4B65B00DC2443 /* libSecCodeEx.a */,
				CE9BD24628E8908000B6C61D /* AutostartHelper.app */,
				CEECE31828BB648F00821A3B /* Battery Toolkit Service.xpc */,
				CE39744B2859E6D3002D0EC9 /* EMH49F8A2Y.me.mhaeuser.batterytoolkitd */,
				CE39744C285A1D35002D0EC9 /* Battery Toolkit.app */,
			);
			sourceTree = "<group>";
		};
		CE52867528298B6D00860C7B /* BatteryToolkit */ = {
			isa = PBXGroup;
			children = (
				CE0DA2BB28D7BFA800C35C45 /* DaemonManagement */,
				CEA3908928DF95170023261A /* Views */,
				CE52867A28298B6E00860C7B /* Assets.xcassets */,
				CEE95015285BC3EF00FF60E0 /* Info.plist */,
				CE52867F28298B6E00860C7B /* BatteryToolkit.entitlements */,
				CE39746D285A229F002D0EC9 /* BatteryToolkit.swift */,
				CE6B760628BC1ABC008DF170 /* BTAppXPCClient.swift */,
				CE397477285A25A1002D0EC9 /* BTDaemonXPCClient.swift */,
				CE2322D328E5EB8B00874CDE /* BTLoginItem.swift */,
			);
			path = BatteryToolkit;
			sourceTree = "<group>";
		};
		CE555D89285D2A0B0031A6F9 /* Libraries */ = {
			isa = PBXGroup;
			children = (
				CE1F5E3528D7339D00F61F67 /* CSIdentification.swift */,
				CE2B96BF28A7E2BB00FE3DDB /* GlobalSleep.swift */,
				CE37DD0D283F86F90060C43F /* SMCComm.swift */,
				CE37DD0F284164160060C43F /* SMCComm+Power.swift */,
			);
			path = Libraries;
			sourceTree = "<group>";
		};
		CE6B75F728BC18DD008DF170 /* Common */ = {
			isa = PBXGroup;
			children = (
				CE3179E928DB540600E9C121 /* BTAuthorization.swift */,
				CE5E5AF228DF183E00AF1D07 /* BTAuthorizationRights.swift */,
				CEA80FDA285A57030064ADEA /* BTDaemonCommProtocol.swift */,
				CE5E5AF728DF1CB100AF1D07 /* BTError.swift */,
				CE3C1DA628CA33FD008A0F7D /* BTLegacyHelperInfo.swift */,
				CE1F5E3B28D760D400F61F67 /* BTLocalization.swift */,
				CE0DB56228BEB4E600B8FC4C /* BTSettingsInfo.swift */,
				CEB4A42728D3B184004FA277 /* BTStateInfo.swift */,
				CE50557028D65B48000E4387 /* BTXPCValidation.swift */,
			);
			path = Common;
			sourceTree = "<group>";
		};
		CE6C06A328A84A9200D76CC8 /* IOPMPrivate */ = {
			isa = PBXGroup;
			children = (
				CE6C06A428A84AAB00D76CC8 /* module.modulemap */,
				CE2B96BD28A7CEFE00FE3DDB /* IOPMLibPrivate.h */,
				CEC321B1284BBC93009B9A30 /* IOPowerSourcesPrivate.h */,
			);
			path = IOPMPrivate;
			sourceTree = "<group>";
		};
		CE6C06B828A84C2400D76CC8 /* BTPreprocessor */ = {
			isa = PBXGroup;
			children = (
				CE2B96C328A81CB900FE3DDB /* module.modulemap */,
				CE2B96C228A81C5100FE3DDB /* BTPreprocessor.h */,
				CEE387BD28A836AA00C2007C /* BTPreprocessor.m */,
			);
			path = BTPreprocessor;
			sourceTree = "<group>";
		};
		CE9BD24728E8908000B6C61D /* AutostartHelper */ = {
			isa = PBXGroup;
			children = (
				CE01E25728E8BF6B00EFDDD6 /* AutostartHelper.entitlements */,
				CE01E25828E8BF6B00EFDDD6 /* AutostartHelper.swift */,
			);
			path = AutostartHelper;
			sourceTree = "<group>";
		};
		CEA3908728DF94ED0023261A /* Settings */ = {
			isa = PBXGroup;
			children = (
				CE1F5E4128D76C6D00F61F67 /* Settings.storyboard */,
				CE5E5AE728DE31EB00AF1D07 /* SettingsMenuItem.swift */,
				CE30CBA028C48995001E2AC6 /* SettingsViewController.swift */,
				CEB4A42E28D4D4D0004FA277 /* SettingsWindowController.swift */,
			);
			path = Settings;
			sourceTree = "<group>";
		};
		CEA3908828DF95020023261A /* Upgrading */ = {
			isa = PBXGroup;
			children = (
				CE3179F328DC729900E9C121 /* Upgrading.storyboard */,
				CE3179F428DC72D800E9C121 /* UpgradingViewController.swift */,
			);
			path = Upgrading;
			sourceTree = "<group>";
		};
		CEA3908928DF95170023261A /* Views */ = {
			isa = PBXGroup;
			children = (
				CEA3908A28DF95490023261A /* Main */,
				CEA3908728DF94ED0023261A /* Settings */,
				CEA3908828DF95020023261A /* Upgrading */,
				CE5E5AE228DE214200AF1D07 /* BTAccessoryMode.swift */,
				CE54510328DA017300D6EB5F /* BTAppPrompts.swift */,
				CE4303CC28E38D00006172ED /* BTErrorHandler.swift */,
			);
			path = Views;
			sourceTree = "<group>";
		};
		CEA3908A28DF95490023261A /* Main */ = {
			isa = PBXGroup;
			children = (
				CE37DD0A283F80960060C43F /* Main.storyboard */,
				CE52868528298CA300860C7B /* AppDelegate.swift */,
				CE5E5AE428DE292D00AF1D07 /* CommandsMenuDelegate.swift */,
			);
			path = Main;
			sourceTree = "<group>";
		};
		CEB4671C2843C80D00D7CB01 /* SMCParamStruct */ = {
			isa = PBXGroup;
			children = (
				CEB4671D2843C87200D7CB01 /* module.modulemap */,
				CEB4671B2843BFA000D7CB01 /* SMCParamStruct.h */,
			);
			path = SMCParamStruct;
			sourceTree = "<group>";
		};
		CEC74DDB28F0290200488CDC /* Modules */ = {
			isa = PBXGroup;
			children = (
				CE6C06B828A84C2400D76CC8 /* BTPreprocessor */,
				CE6C06A328A84A9200D76CC8 /* IOPMPrivate */,
				CED8DD3628C364D60082C02A /* NSXPCConnection+AuditToken */,
				CEF3496D28DCD34900A1CECD /* SecCodeEx */,
				CEB4671C2843C80D00D7CB01 /* SMCParamStruct */,
			);
			path = Modules;
			sourceTree = "<group>";
		};
		CED8DD3628C364D60082C02A /* NSXPCConnection+AuditToken */ = {
			isa = PBXGroup;
			children = (
				CED8DD3728C364FA0082C02A /* module.modulemap */,
				CEA80FD3285A51600064ADEA /* NSXPCConnection+AuditToken.h */,
			);
			path = "NSXPCConnection+AuditToken";
			sourceTree = "<group>";
		};
		CEECE31928BB648F00821A3B /* BatteryToolkitService */ = {
			isa = PBXGroup;
			children = (
				CEECE32028BB648F00821A3B /* Info.plist */,
				CEECE32728BB652400821A3B /* BTService.swift */,
				CEECE33228BB745B00821A3B /* BTServiceComm.swift */,
				CEECE32F28BB742500821A3B /* BTServiceCommProtocol.swift */,
				CE6B760828BC1D15008DF170 /* BTServiceXPCServer.swift */,
			);
			path = BatteryToolkitService;
			sourceTree = "<group>";
		};
		CEF3496D28DCD34900A1CECD /* SecCodeEx */ = {
			isa = PBXGroup;
			children = (
				CEF3497028DCD55900A1CECD /* module.modulemap */,
				CEF3496F28DCD52400A1CECD /* SecCodeEx.h */,
				CEF3496E28DCD36100A1CECD /* SecCodeEx.c */,
			);
			path = SecCodeEx;
			sourceTree = "<group>";
		};
/* End PBXGroup section */

/* Begin PBXNativeTarget section */
		CE3974402859E518002D0EC9 /* EMH49F8A2Y.me.mhaeuser.batterytoolkitd */ = {
			isa = PBXNativeTarget;
			buildConfigurationList = CE3974452859E518002D0EC9 /* Build configuration list for PBXNativeTarget "EMH49F8A2Y.me.mhaeuser.batterytoolkitd" */;
			buildPhases = (
				CE39743D2859E518002D0EC9 /* Sources */,
				CE39743E2859E518002D0EC9 /* Frameworks */,
			);
			buildRules = (
			);
			dependencies = (
			);
			name = EMH49F8A2Y.me.mhaeuser.batterytoolkitd;
			productName = batterytoolkitd;
			productReference = CE39744B2859E6D3002D0EC9 /* EMH49F8A2Y.me.mhaeuser.batterytoolkitd */;
			productType = "com.apple.product-type.tool";
		};
		CE52867228298B6D00860C7B /* Battery Toolkit */ = {
			isa = PBXNativeTarget;
			buildConfigurationList = CE52868228298B6E00860C7B /* Build configuration list for PBXNativeTarget "Battery Toolkit" */;
			buildPhases = (
				CE52866F28298B6D00860C7B /* Sources */,
				CE52867028298B6D00860C7B /* Frameworks */,
				CE52867128298B6D00860C7B /* Resources */,
				CE3D5ADC285DE59100705842 /* Embed XPC Services */,
				CE3C1D8428C7FB09008A0F7D /* CopyFiles */,
				CE3C1DA028C92A3A008A0F7D /* CopyFiles */,
				CE9BD25628E8975C00B6C61D /* CopyFiles */,
			);
			buildRules = (
			);
			dependencies = (
				CE9BD25928E899E600B6C61D /* PBXTargetDependency */,
				CE397451285A2100002D0EC9 /* PBXTargetDependency */,
				CEECE32228BB648F00821A3B /* PBXTargetDependency */,
			);
			name = "Battery Toolkit";
			productName = BatteryToolkit;
			productReference = CE39744C285A1D35002D0EC9 /* Battery Toolkit.app */;
			productType = "com.apple.product-type.application";
		};
		CE9BD24528E8908000B6C61D /* AutostartHelper */ = {
			isa = PBXNativeTarget;
			buildConfigurationList = CE9BD25228E8908100B6C61D /* Build configuration list for PBXNativeTarget "AutostartHelper" */;
			buildPhases = (
				CE9BD24228E8908000B6C61D /* Sources */,
			);
			buildRules = (
			);
			dependencies = (
			);
			name = AutostartHelper;
			productName = BatteryToolkitAutostart;
			productReference = CE9BD24628E8908000B6C61D /* AutostartHelper.app */;
			productType = "com.apple.product-type.application";
		};
		CEE1654E28E4B65B00DC2443 /* SecCodeEx */ = {
			isa = PBXNativeTarget;
			buildConfigurationList = CEE1655228E4B65C00DC2443 /* Build configuration list for PBXNativeTarget "SecCodeEx" */;
			buildPhases = (
				CEE1654C28E4B65B00DC2443 /* Sources */,
			);
			buildRules = (
			);
			dependencies = (
			);
			name = SecCodeEx;
			productName = SecCodeEx;
			productReference = CEE1654F28E4B65B00DC2443 /* libSecCodeEx.a */;
			productType = "com.apple.product-type.library.static";
		};
		CEECE31728BB648F00821A3B /* Battery Toolkit Service */ = {
			isa = PBXNativeTarget;
			buildConfigurationList = CEECE32428BB648F00821A3B /* Build configuration list for PBXNativeTarget "Battery Toolkit Service" */;
			buildPhases = (
				CEECE31428BB648F00821A3B /* Sources */,
				CEECE31528BB648F00821A3B /* Frameworks */,
			);
			buildRules = (
			);
			dependencies = (
			);
			name = "Battery Toolkit Service";
			productName = BatteryToolkitXPC;
			productReference = CEECE31828BB648F00821A3B /* Battery Toolkit Service.xpc */;
			productType = "com.apple.product-type.xpc-service";
		};
/* End PBXNativeTarget section */

/* Begin PBXProject section */
		CE52866B28298B6D00860C7B /* Project object */ = {
			isa = PBXProject;
			attributes = {
				BuildIndependentTargetsInParallel = 1;
				LastSwiftUpdateCheck = 1410;
				LastUpgradeCheck = 1410;
				TargetAttributes = {
					CE3974402859E518002D0EC9 = {
						CreatedOnToolsVersion = 13.4.1;
						LastSwiftMigration = 1340;
					};
					CE52867228298B6D00860C7B = {
						CreatedOnToolsVersion = 13.3.1;
						LastSwiftMigration = 1340;
					};
					CE9BD24528E8908000B6C61D = {
						CreatedOnToolsVersion = 14.1;
					};
					CEE1654E28E4B65B00DC2443 = {
						CreatedOnToolsVersion = 14.1;
					};
					CEECE31728BB648F00821A3B = {
						CreatedOnToolsVersion = 13.4.1;
						LastSwiftMigration = 1340;
					};
				};
			};
			buildConfigurationList = CE52866E28298B6D00860C7B /* Build configuration list for PBXProject "BatteryToolkit" */;
			compatibilityVersion = "Xcode 13.0";
			developmentRegion = en;
			hasScannedForEncodings = 0;
			knownRegions = (
				en,
				Base,
				de,
			);
			mainGroup = CE52866A28298B6D00860C7B;
			productRefGroup = CE52866A28298B6D00860C7B;
			projectDirPath = "";
			projectRoot = "";
			targets = (
				CE52867228298B6D00860C7B /* Battery Toolkit */,
				CE3974402859E518002D0EC9 /* EMH49F8A2Y.me.mhaeuser.batterytoolkitd */,
				CEECE31728BB648F00821A3B /* Battery Toolkit Service */,
				CEE1654E28E4B65B00DC2443 /* SecCodeEx */,
				CE9BD24528E8908000B6C61D /* AutostartHelper */,
			);
		};
/* End PBXProject section */

/* Begin PBXResourcesBuildPhase section */
		CE52867128298B6D00860C7B /* Resources */ = {
			isa = PBXResourcesBuildPhase;
			buildActionMask = 2147483647;
			files = (
				CE1F5E3E28D76C6D00F61F67 /* Settings.storyboard in Resources */,
				CE3179F128DC729900E9C121 /* Upgrading.storyboard in Resources */,
				CE37DD0C283F80960060C43F /* Main.storyboard in Resources */,
				CE52867B28298B6E00860C7B /* Assets.xcassets in Resources */,
			);
			runOnlyForDeploymentPostprocessing = 0;
		};
/* End PBXResourcesBuildPhase section */

/* Begin PBXSourcesBuildPhase section */
		CE39743D2859E518002D0EC9 /* Sources */ = {
			isa = PBXSourcesBuildPhase;
			buildActionMask = 2147483647;
			files = (
				CE6B75FA28BC1908008DF170 /* BTDaemonCommProtocol.swift in Sources */,
				CE7F623428B95A7E00EF58F9 /* BTPreprocessor.m in Sources */,
				CE5E5AF928DF1CB100AF1D07 /* BTError.swift in Sources */,
				CEA80FD2285A28230064ADEA /* BTSettings.swift in Sources */,
				CEB4A42928D3B184004FA277 /* BTStateInfo.swift in Sources */,
				CE50557128D65B48000E4387 /* BTXPCValidation.swift in Sources */,
				CE2B96C028A7E2BB00FE3DDB /* GlobalSleep.swift in Sources */,
				CE3179EC28DB543200E9C121 /* BTAuthorization.swift in Sources */,
				CEA80FD0285A27FB0064ADEA /* BTPowerEvents.swift in Sources */,
				CE3C1DA828CA33FD008A0F7D /* BTLegacyHelperInfo.swift in Sources */,
				CE8ED7F428C144EE00398581 /* BTDispatcher.swift in Sources */,
				CEECE31128BAB12000821A3B /* BTPowerState.swift in Sources */,
				CEA80FCC285A27D20064ADEA /* SMCComm+Power.swift in Sources */,
				CEA80FD6285A565C0064ADEA /* BTDaemonComm.swift in Sources */,
				CE0DB56428BEB4E600B8FC4C /* BTSettingsInfo.swift in Sources */,
				CEA80FD8285A56B60064ADEA /* BTDaemon.swift in Sources */,
				CE1F5E3728D7339D00F61F67 /* CSIdentification.swift in Sources */,
				CEA80FCB285A27CF0064ADEA /* SMCComm.swift in Sources */,
				CE54510228D9FE9D00D6EB5F /* BTDaemonManagement.swift in Sources */,
				CE397472285A2396002D0EC9 /* BTDaemonXPCServer.swift in Sources */,
				CE5E5AF428DF183E00AF1D07 /* BTAuthorizationRights.swift in Sources */,
			);
			runOnlyForDeploymentPostprocessing = 0;
		};
		CE52866F28298B6D00860C7B /* Sources */ = {
			isa = PBXSourcesBuildPhase;
			buildActionMask = 2147483647;
			files = (
				CE3179F528DC72D800E9C121 /* UpgradingViewController.swift in Sources */,
				CE7F623528B95A8200EF58F9 /* BTPreprocessor.m in Sources */,
				CE54510428DA017300D6EB5F /* BTAppPrompts.swift in Sources */,
				CE4303CD28E38D00006172ED /* BTErrorHandler.swift in Sources */,
				CEB4A42428D39ECE004FA277 /* BTDaemonManagement+Status.swift in Sources */,
				CEB09B7328D7B9A5007FFB37 /* BTDaemonManagement+Legacy.swift in Sources */,
				CE6B760728BC1ABC008DF170 /* BTAppXPCClient.swift in Sources */,
				CE1F5E3A28D7399D00F61F67 /* CSIdentification.swift in Sources */,
				CE3C1DA328C9329F008A0F7D /* BTDaemonManagement.swift in Sources */,
				CE6B75F928BC18EA008DF170 /* BTDaemonCommProtocol.swift in Sources */,
				CEB4A42F28D4D4D0004FA277 /* SettingsWindowController.swift in Sources */,
				CE397478285A25A1002D0EC9 /* BTDaemonXPCClient.swift in Sources */,
				CE5E5AF828DF1CB100AF1D07 /* BTError.swift in Sources */,
				CE0DB56328BEB4E600B8FC4C /* BTSettingsInfo.swift in Sources */,
				CE5E5AF328DF183E00AF1D07 /* BTAuthorizationRights.swift in Sources */,
				CE30CBA128C48995001E2AC6 /* SettingsViewController.swift in Sources */,
				CE5E5AE528DE292D00AF1D07 /* CommandsMenuDelegate.swift in Sources */,
				CE85D05F28D7B7E6005D1E0C /* BTDaemonManagement+Service.swift in Sources */,
				CEA3909328DFAE1C0023261A /* BTXPCValidation.swift in Sources */,
				CEECE33028BB742500821A3B /* BTServiceCommProtocol.swift in Sources */,
				CE3179ED28DB543600E9C121 /* BTAuthorization.swift in Sources */,
				CE39746E285A229F002D0EC9 /* BatteryToolkit.swift in Sources */,
				CE52868628298CA300860C7B /* AppDelegate.swift in Sources */,
				CE1F5E3C28D760D400F61F67 /* BTLocalization.swift in Sources */,
				CE3C1DA728CA33FD008A0F7D /* BTLegacyHelperInfo.swift in Sources */,
				CE2322D428E5EB8B00874CDE /* BTLoginItem.swift in Sources */,
				CEB4A42828D3B184004FA277 /* BTStateInfo.swift in Sources */,
				CE5E5AE828DE31EB00AF1D07 /* SettingsMenuItem.swift in Sources */,
				CE5E5AE328DE214200AF1D07 /* BTAccessoryMode.swift in Sources */,
			);
			runOnlyForDeploymentPostprocessing = 0;
		};
		CE9BD24228E8908000B6C61D /* Sources */ = {
			isa = PBXSourcesBuildPhase;
			buildActionMask = 2147483647;
			files = (
				CE01E25928E8BF6B00EFDDD6 /* AutostartHelper.swift in Sources */,
			);
			runOnlyForDeploymentPostprocessing = 0;
		};
		CEE1654C28E4B65B00DC2443 /* Sources */ = {
			isa = PBXSourcesBuildPhase;
			buildActionMask = 2147483647;
			files = (
				CEE1655328E58D9100DC2443 /* SecCodeEx.c in Sources */,
			);
			runOnlyForDeploymentPostprocessing = 0;
		};
		CEECE31428BB648F00821A3B /* Sources */ = {
			isa = PBXSourcesBuildPhase;
			buildActionMask = 2147483647;
			files = (
				CE50557328D65C6D000E4387 /* BTPreprocessor.m in Sources */,
				CEECE33128BB742500821A3B /* BTServiceCommProtocol.swift in Sources */,
				CE6B760928BC1D15008DF170 /* BTServiceXPCServer.swift in Sources */,
				CEECE32828BB652400821A3B /* BTService.swift in Sources */,
				CE50557228D65B48000E4387 /* BTXPCValidation.swift in Sources */,
				CE3179EA28DB540600E9C121 /* BTAuthorization.swift in Sources */,
				CEECE33328BB745B00821A3B /* BTServiceComm.swift in Sources */,
				CE5E5AF628DF187C00AF1D07 /* BTAuthorizationRights.swift in Sources */,
			);
			runOnlyForDeploymentPostprocessing = 0;
		};
/* End PBXSourcesBuildPhase section */

/* Begin PBXTargetDependency section */
		CE397451285A2100002D0EC9 /* PBXTargetDependency */ = {
			isa = PBXTargetDependency;
			target = CE3974402859E518002D0EC9 /* EMH49F8A2Y.me.mhaeuser.batterytoolkitd */;
			targetProxy = CE397450285A2100002D0EC9 /* PBXContainerItemProxy */;
		};
		CE9BD25928E899E600B6C61D /* PBXTargetDependency */ = {
			isa = PBXTargetDependency;
			target = CE9BD24528E8908000B6C61D /* AutostartHelper */;
			targetProxy = CE9BD25828E899E600B6C61D /* PBXContainerItemProxy */;
		};
		CEECE32228BB648F00821A3B /* PBXTargetDependency */ = {
			isa = PBXTargetDependency;
			target = CEECE31728BB648F00821A3B /* Battery Toolkit Service */;
			targetProxy = CEECE32128BB648F00821A3B /* PBXContainerItemProxy */;
		};
/* End PBXTargetDependency section */

/* Begin PBXVariantGroup section */
		CE1F5E4128D76C6D00F61F67 /* Settings.storyboard */ = {
			isa = PBXVariantGroup;
			children = (
				CE1F5E4028D76C6D00F61F67 /* Base */,
			);
			name = Settings.storyboard;
			sourceTree = "<group>";
		};
		CE3179F328DC729900E9C121 /* Upgrading.storyboard */ = {
			isa = PBXVariantGroup;
			children = (
				CE3179F228DC729900E9C121 /* Base */,
			);
			name = Upgrading.storyboard;
			sourceTree = "<group>";
		};
		CE37DD0A283F80960060C43F /* Main.storyboard */ = {
			isa = PBXVariantGroup;
			children = (
				CE37DD0B283F80960060C43F /* Base */,
			);
			name = Main.storyboard;
			sourceTree = "<group>";
		};
/* End PBXVariantGroup section */

/* Begin XCBuildConfiguration section */
		CE3974462859E518002D0EC9 /* Debug */ = {
			isa = XCBuildConfiguration;
			buildSettings = {
				CREATE_INFOPLIST_SECTION_IN_BINARY = YES;
				INFOPLIST_FILE = "$(SRCROOT)/$(PRODUCT_NAME)/Info.plist";
				INFOPLIST_KEY_CFBundleDisplayName = "";
				INFOPLIST_KEY_NSHumanReadableCopyright = "";
				OTHER_LDFLAGS = (
					"-sectcreate",
					__TEXT,
					__launchd_plist,
					"$(SRCROOT)/$(PRODUCT_NAME)/launchd.plist",
				);
				PRODUCT_BUNDLE_IDENTIFIER = "$(TARGET_NAME)";
				SKIP_INSTALL = YES;
			};
			name = Debug;
		};
		CE3974472859E518002D0EC9 /* Release */ = {
			isa = XCBuildConfiguration;
			buildSettings = {
				CREATE_INFOPLIST_SECTION_IN_BINARY = YES;
				INFOPLIST_FILE = "$(SRCROOT)/$(PRODUCT_NAME)/Info.plist";
				INFOPLIST_KEY_CFBundleDisplayName = "";
				INFOPLIST_KEY_NSHumanReadableCopyright = "";
				OTHER_LDFLAGS = (
					"-sectcreate",
					__TEXT,
					__launchd_plist,
					"$(SRCROOT)/$(PRODUCT_NAME)/launchd.plist",
				);
				PRODUCT_BUNDLE_IDENTIFIER = "$(TARGET_NAME)";
				SKIP_INSTALL = YES;
			};
			name = Release;
		};
		CE52868028298B6E00860C7B /* Debug */ = {
			isa = XCBuildConfiguration;
			buildSettings = {
				ALWAYS_SEARCH_USER_PATHS = NO;
				BT_APP_NAME = me.mhaeuser.BatteryToolkit;
				BT_AUTOSTART_NAME = me.mhaeuser.BatteryToolkitAutostart;
				BT_CODE_SIGN_CN = "Apple Development: mhaeuser@posteo.de (FK3MXHN3BX)";
				BT_DAEMON_NAME = EMH49F8A2Y.me.mhaeuser.batterytoolkitd;
				BT_SERVICE_NAME = me.mhaeuser.BatteryToolkitService;
				CLANG_ANALYZER_GCD_PERFORMANCE = YES;
				CLANG_ANALYZER_LOCALIZABILITY_EMPTY_CONTEXT = YES;
				CLANG_ANALYZER_LOCALIZABILITY_NONLOCALIZED = YES;
				CLANG_ANALYZER_NONNULL = YES;
				CLANG_ANALYZER_NUMBER_OBJECT_CONVERSION = YES_AGGRESSIVE;
				CLANG_ANALYZER_OSOBJECT_C_STYLE_CAST = YES;
				CLANG_ANALYZER_SECURITY_FLOATLOOPCOUNTER = YES;
				CLANG_ANALYZER_SECURITY_INSECUREAPI_RAND = YES;
				CLANG_ANALYZER_SECURITY_INSECUREAPI_STRCPY = YES;
				CLANG_CXX_LANGUAGE_STANDARD = "c++17";
				CLANG_ENABLE_MODULES = YES;
				CLANG_ENABLE_OBJC_ARC = YES;
				CLANG_MODULES_AUTOLINK = NO;
				CLANG_TIDY_BUGPRONE_REDUNDANT_BRANCH_CONDITION = YES;
				CLANG_TIDY_MISC_REDUNDANT_EXPRESSION = YES;
				CLANG_UNDEFINED_BEHAVIOR_SANITIZER_NULLABILITY = YES;
				CLANG_WARN_ASSIGN_ENUM = YES;
				CLANG_WARN_ATOMIC_IMPLICIT_SEQ_CST = YES;
				CLANG_WARN_BLOCK_CAPTURE_AUTORELEASING = YES;
				CLANG_WARN_BOOL_CONVERSION = YES;
				CLANG_WARN_COMMA = YES;
				CLANG_WARN_COMPLETION_HANDLER_MISUSE = YES;
				CLANG_WARN_CONSTANT_CONVERSION = YES;
				CLANG_WARN_CXX0X_EXTENSIONS = YES;
				CLANG_WARN_DEPRECATED_OBJC_IMPLEMENTATIONS = YES;
				CLANG_WARN_DIRECT_OBJC_ISA_USAGE = YES_ERROR;
				CLANG_WARN_DOCUMENTATION_COMMENTS = YES;
				CLANG_WARN_EMPTY_BODY = YES;
				CLANG_WARN_ENUM_CONVERSION = YES;
				CLANG_WARN_FLOAT_CONVERSION = YES;
				CLANG_WARN_FRAMEWORK_INCLUDE_PRIVATE_FROM_PUBLIC = YES;
				CLANG_WARN_IMPLICIT_FALLTHROUGH = YES_ERROR;
				CLANG_WARN_IMPLICIT_SIGN_CONVERSION = YES;
				CLANG_WARN_INFINITE_RECURSION = YES;
				CLANG_WARN_INT_CONVERSION = YES;
				CLANG_WARN_NON_LITERAL_NULL_CONVERSION = YES;
				CLANG_WARN_OBJC_EXPLICIT_OWNERSHIP_TYPE = YES;
				CLANG_WARN_OBJC_IMPLICIT_ATOMIC_PROPERTIES = YES;
				CLANG_WARN_OBJC_IMPLICIT_RETAIN_SELF = YES;
				CLANG_WARN_OBJC_INTERFACE_IVARS = YES;
				CLANG_WARN_OBJC_LITERAL_CONVERSION = YES;
				CLANG_WARN_OBJC_MISSING_PROPERTY_SYNTHESIS = YES;
				CLANG_WARN_OBJC_REPEATED_USE_OF_WEAK = YES;
				CLANG_WARN_OBJC_ROOT_CLASS = YES_ERROR;
				CLANG_WARN_QUOTED_INCLUDE_IN_FRAMEWORK_HEADER = YES;
				CLANG_WARN_RANGE_LOOP_ANALYSIS = YES;
				CLANG_WARN_SEMICOLON_BEFORE_METHOD_BODY = YES;
				CLANG_WARN_STRICT_PROTOTYPES = YES;
				CLANG_WARN_SUSPICIOUS_IMPLICIT_CONVERSION = YES;
				CLANG_WARN_SUSPICIOUS_MOVE = YES;
				CLANG_WARN_UNGUARDED_AVAILABILITY = YES_AGGRESSIVE;
				CLANG_WARN_UNREACHABLE_CODE = YES;
				CLANG_WARN__DUPLICATE_METHOD_MATCH = YES;
				CLANG_WARN__EXIT_TIME_DESTRUCTORS = YES;
				CODE_SIGN_IDENTITY = "Apple Development";
				COMBINE_HIDPI_IMAGES = YES;
				COPY_PHASE_STRIP = NO;
				CURRENT_PROJECT_VERSION = 1;
				DEAD_CODE_STRIPPING = YES;
				DEBUG_INFORMATION_FORMAT = dwarf;
				DEVELOPMENT_TEAM = EMH49F8A2Y;
				ENABLE_HARDENED_RUNTIME = YES;
				ENABLE_STRICT_OBJC_MSGSEND = YES;
				ENABLE_TESTABILITY = YES;
				ENABLE_USER_SCRIPT_SANDBOXING = YES;
				EXCLUDED_ARCHS = x86_64;
				GCC_CHAR_IS_UNSIGNED_CHAR = YES;
				GCC_C_LANGUAGE_STANDARD = c11;
				GCC_DYNAMIC_NO_PIC = YES;
				GCC_ENABLE_ASM_KEYWORD = NO;
				GCC_ENABLE_CPP_EXCEPTIONS = NO;
				GCC_ENABLE_CPP_RTTI = NO;
				GCC_ENABLE_OBJC_EXCEPTIONS = NO;
				GCC_FAST_MATH = YES;
				GCC_NO_COMMON_BLOCKS = YES;
				GCC_OPTIMIZATION_LEVEL = 0;
				GCC_PREPROCESSOR_DEFINITIONS = (
					"DEBUG=1",
					"\"BT_APP_NAME_=\\\"$(BT_APP_NAME)\\\"\"",
					"\"BT_AUTOSTART_NAME_=\\\"$(BT_AUTOSTART_NAME)\\\"\"",
					"\"BT_DAEMON_NAME_=\\\"$(BT_DAEMON_NAME)\\\"\"",
					"\"BT_CODE_SIGN_CN_=\\\"$(BT_CODE_SIGN_CN)\\\"\"",
					"\"BT_SERVICE_NAME_=\\\"$(BT_SERVICE_NAME)\\\"\"",
				);
				GCC_SYMBOLS_PRIVATE_EXTERN = YES;
				GCC_TREAT_IMPLICIT_FUNCTION_DECLARATIONS_AS_ERRORS = YES;
				GCC_TREAT_INCOMPATIBLE_POINTER_TYPE_WARNINGS_AS_ERRORS = YES;
				GCC_WARN_64_TO_32_BIT_CONVERSION = YES;
				GCC_WARN_ABOUT_MISSING_FIELD_INITIALIZERS = YES;
				GCC_WARN_ABOUT_MISSING_NEWLINE = YES;
				GCC_WARN_ABOUT_MISSING_PROTOTYPES = YES;
				GCC_WARN_ABOUT_RETURN_TYPE = YES_ERROR;
				GCC_WARN_FOUR_CHARACTER_CONSTANTS = YES;
				GCC_WARN_HIDDEN_VIRTUAL_FUNCTIONS = YES;
				GCC_WARN_INITIALIZER_NOT_FULLY_BRACKETED = YES;
				GCC_WARN_NON_VIRTUAL_DESTRUCTOR = YES;
				GCC_WARN_PEDANTIC = YES;
				GCC_WARN_SHADOW = YES;
				GCC_WARN_SIGN_COMPARE = YES;
				GCC_WARN_STRICT_SELECTOR_MATCH = YES;
				GCC_WARN_UNDECLARED_SELECTOR = YES;
				GCC_WARN_UNINITIALIZED_AUTOS = YES_AGGRESSIVE;
				GCC_WARN_UNKNOWN_PRAGMAS = YES;
				GCC_WARN_UNUSED_FUNCTION = YES;
				GCC_WARN_UNUSED_LABEL = YES;
				GCC_WARN_UNUSED_PARAMETER = YES;
				GCC_WARN_UNUSED_VARIABLE = YES;
				INFOPLIST_KEY_CFBundleDisplayName = "$(PRODUCT_NAME)";
				INFOPLIST_KEY_NSHumanReadableCopyright = "Copyright © 2022 Marvin Häuser. All rights reserved.";
				LLVM_LTO = YES_THIN;
				MACOSX_DEPLOYMENT_TARGET = 11.0;
				MARKETING_VERSION = 1.0;
				MTL_ENABLE_DEBUG_INFO = INCLUDE_SOURCE;
				MTL_FAST_MATH = YES;
				ONLY_ACTIVE_ARCH = YES;
				OTHER_CODE_SIGN_FLAGS = "-o hard,kill,restrict,enforce,library-validation,library,runtime";
				PRODUCT_NAME = "$(TARGET_NAME)";
				SDKROOT = macosx;
				STRIP_INSTALLED_PRODUCT = NO;
				STRIP_SWIFT_SYMBOLS = NO;
				SWIFT_ACTIVE_COMPILATION_CONDITIONS = DEBUG;
				SWIFT_INCLUDE_PATHS = Modules;
				SWIFT_OPTIMIZATION_LEVEL = "-Onone";
				SWIFT_STRICT_CONCURRENCY = complete;
				SWIFT_VERSION = 5.0;
			};
			name = Debug;
		};
		CE52868128298B6E00860C7B /* Release */ = {
			isa = XCBuildConfiguration;
			buildSettings = {
				ALWAYS_SEARCH_USER_PATHS = NO;
				BT_APP_NAME = me.mhaeuser.BatteryToolkit;
				BT_AUTOSTART_NAME = me.mhaeuser.BatteryToolkitAutostart;
				BT_CODE_SIGN_CN = "Apple Development: mhaeuser@posteo.de (FK3MXHN3BX)";
				BT_DAEMON_NAME = EMH49F8A2Y.me.mhaeuser.batterytoolkitd;
				BT_SERVICE_NAME = me.mhaeuser.BatteryToolkitService;
				CLANG_ANALYZER_GCD_PERFORMANCE = YES;
				CLANG_ANALYZER_LOCALIZABILITY_EMPTY_CONTEXT = YES;
				CLANG_ANALYZER_LOCALIZABILITY_NONLOCALIZED = YES;
				CLANG_ANALYZER_NONNULL = YES;
				CLANG_ANALYZER_NUMBER_OBJECT_CONVERSION = YES_AGGRESSIVE;
				CLANG_ANALYZER_OSOBJECT_C_STYLE_CAST = YES;
				CLANG_ANALYZER_SECURITY_FLOATLOOPCOUNTER = YES;
				CLANG_ANALYZER_SECURITY_INSECUREAPI_RAND = YES;
				CLANG_ANALYZER_SECURITY_INSECUREAPI_STRCPY = YES;
				CLANG_CXX_LANGUAGE_STANDARD = "c++17";
				CLANG_ENABLE_MODULES = YES;
				CLANG_ENABLE_OBJC_ARC = YES;
				CLANG_MODULES_AUTOLINK = NO;
				CLANG_TIDY_BUGPRONE_REDUNDANT_BRANCH_CONDITION = YES;
				CLANG_TIDY_MISC_REDUNDANT_EXPRESSION = YES;
				CLANG_UNDEFINED_BEHAVIOR_SANITIZER_NULLABILITY = YES;
				CLANG_WARN_ASSIGN_ENUM = YES;
				CLANG_WARN_ATOMIC_IMPLICIT_SEQ_CST = YES;
				CLANG_WARN_BLOCK_CAPTURE_AUTORELEASING = YES;
				CLANG_WARN_BOOL_CONVERSION = YES;
				CLANG_WARN_COMMA = YES;
				CLANG_WARN_COMPLETION_HANDLER_MISUSE = YES;
				CLANG_WARN_CONSTANT_CONVERSION = YES;
				CLANG_WARN_CXX0X_EXTENSIONS = YES;
				CLANG_WARN_DEPRECATED_OBJC_IMPLEMENTATIONS = YES;
				CLANG_WARN_DIRECT_OBJC_ISA_USAGE = YES_ERROR;
				CLANG_WARN_DOCUMENTATION_COMMENTS = YES;
				CLANG_WARN_EMPTY_BODY = YES;
				CLANG_WARN_ENUM_CONVERSION = YES;
				CLANG_WARN_FLOAT_CONVERSION = YES;
				CLANG_WARN_FRAMEWORK_INCLUDE_PRIVATE_FROM_PUBLIC = YES;
				CLANG_WARN_IMPLICIT_FALLTHROUGH = YES_ERROR;
				CLANG_WARN_IMPLICIT_SIGN_CONVERSION = YES;
				CLANG_WARN_INFINITE_RECURSION = YES;
				CLANG_WARN_INT_CONVERSION = YES;
				CLANG_WARN_NON_LITERAL_NULL_CONVERSION = YES;
				CLANG_WARN_OBJC_EXPLICIT_OWNERSHIP_TYPE = YES;
				CLANG_WARN_OBJC_IMPLICIT_ATOMIC_PROPERTIES = YES;
				CLANG_WARN_OBJC_IMPLICIT_RETAIN_SELF = YES;
				CLANG_WARN_OBJC_INTERFACE_IVARS = YES;
				CLANG_WARN_OBJC_LITERAL_CONVERSION = YES;
				CLANG_WARN_OBJC_MISSING_PROPERTY_SYNTHESIS = YES;
				CLANG_WARN_OBJC_REPEATED_USE_OF_WEAK = YES;
				CLANG_WARN_OBJC_ROOT_CLASS = YES_ERROR;
				CLANG_WARN_QUOTED_INCLUDE_IN_FRAMEWORK_HEADER = YES;
				CLANG_WARN_RANGE_LOOP_ANALYSIS = YES;
				CLANG_WARN_SEMICOLON_BEFORE_METHOD_BODY = YES;
				CLANG_WARN_STRICT_PROTOTYPES = YES;
				CLANG_WARN_SUSPICIOUS_IMPLICIT_CONVERSION = YES;
				CLANG_WARN_SUSPICIOUS_MOVE = YES;
				CLANG_WARN_UNGUARDED_AVAILABILITY = YES_AGGRESSIVE;
				CLANG_WARN_UNREACHABLE_CODE = YES;
				CLANG_WARN__DUPLICATE_METHOD_MATCH = YES;
				CLANG_WARN__EXIT_TIME_DESTRUCTORS = YES;
				CODE_SIGN_IDENTITY = "Apple Development";
				COMBINE_HIDPI_IMAGES = YES;
				CURRENT_PROJECT_VERSION = 1;
				DEAD_CODE_STRIPPING = YES;
				DEBUG_INFORMATION_FORMAT = "dwarf-with-dsym";
				DEVELOPMENT_TEAM = EMH49F8A2Y;
				ENABLE_HARDENED_RUNTIME = YES;
				ENABLE_NS_ASSERTIONS = NO;
				ENABLE_STRICT_OBJC_MSGSEND = YES;
				ENABLE_USER_SCRIPT_SANDBOXING = YES;
				EXCLUDED_ARCHS = x86_64;
				GCC_CHAR_IS_UNSIGNED_CHAR = YES;
				GCC_C_LANGUAGE_STANDARD = c11;
				GCC_DYNAMIC_NO_PIC = YES;
				GCC_ENABLE_ASM_KEYWORD = NO;
				GCC_ENABLE_CPP_EXCEPTIONS = NO;
				GCC_ENABLE_CPP_RTTI = NO;
				GCC_ENABLE_OBJC_EXCEPTIONS = NO;
				GCC_FAST_MATH = YES;
				GCC_NO_COMMON_BLOCKS = YES;
				GCC_PREPROCESSOR_DEFINITIONS = (
					"\"BT_APP_NAME_=\\\"$(BT_APP_NAME)\\\"\"",
					"\"BT_AUTOSTART_NAME_=\\\"$(BT_AUTOSTART_NAME)\\\"\"",
					"\"BT_DAEMON_NAME_=\\\"$(BT_DAEMON_NAME)\\\"\"",
					"\"BT_CODE_SIGN_CN_=\\\"$(BT_CODE_SIGN_CN)\\\"\"",
					"\"BT_SERVICE_NAME_=\\\"$(BT_SERVICE_NAME)\\\"\"",
				);
				GCC_SYMBOLS_PRIVATE_EXTERN = YES;
				GCC_TREAT_IMPLICIT_FUNCTION_DECLARATIONS_AS_ERRORS = YES;
				GCC_TREAT_INCOMPATIBLE_POINTER_TYPE_WARNINGS_AS_ERRORS = YES;
				GCC_WARN_64_TO_32_BIT_CONVERSION = YES;
				GCC_WARN_ABOUT_MISSING_FIELD_INITIALIZERS = YES;
				GCC_WARN_ABOUT_MISSING_NEWLINE = YES;
				GCC_WARN_ABOUT_MISSING_PROTOTYPES = YES;
				GCC_WARN_ABOUT_RETURN_TYPE = YES_ERROR;
				GCC_WARN_FOUR_CHARACTER_CONSTANTS = YES;
				GCC_WARN_HIDDEN_VIRTUAL_FUNCTIONS = YES;
				GCC_WARN_INITIALIZER_NOT_FULLY_BRACKETED = YES;
				GCC_WARN_NON_VIRTUAL_DESTRUCTOR = YES;
				GCC_WARN_PEDANTIC = YES;
				GCC_WARN_SHADOW = YES;
				GCC_WARN_SIGN_COMPARE = YES;
				GCC_WARN_STRICT_SELECTOR_MATCH = YES;
				GCC_WARN_UNDECLARED_SELECTOR = YES;
				GCC_WARN_UNINITIALIZED_AUTOS = YES_AGGRESSIVE;
				GCC_WARN_UNKNOWN_PRAGMAS = YES;
				GCC_WARN_UNUSED_FUNCTION = YES;
				GCC_WARN_UNUSED_LABEL = YES;
				GCC_WARN_UNUSED_PARAMETER = YES;
				GCC_WARN_UNUSED_VARIABLE = YES;
				INFOPLIST_KEY_CFBundleDisplayName = "$(PRODUCT_NAME)";
				INFOPLIST_KEY_NSHumanReadableCopyright = "Copyright © 2022 Marvin Häuser. All rights reserved.";
				LLVM_LTO = YES_THIN;
				MACOSX_DEPLOYMENT_TARGET = 11.0;
				MARKETING_VERSION = 1.0;
				MTL_ENABLE_DEBUG_INFO = NO;
				MTL_FAST_MATH = YES;
				OTHER_CODE_SIGN_FLAGS = "-o hard,kill,restrict,enforce,library-validation,library,runtime";
				PRODUCT_NAME = "$(TARGET_NAME)";
				SDKROOT = macosx;
				SWIFT_COMPILATION_MODE = wholemodule;
				SWIFT_INCLUDE_PATHS = Modules;
				SWIFT_OPTIMIZATION_LEVEL = "-O";
				SWIFT_STRICT_CONCURRENCY = complete;
				SWIFT_VERSION = 5.0;
			};
			name = Release;
		};
		CE52868328298B6E00860C7B /* Debug */ = {
			isa = XCBuildConfiguration;
			buildSettings = {
				ASSETCATALOG_COMPILER_APPICON_NAME = AppIcon;
				ASSETCATALOG_COMPILER_GLOBAL_ACCENT_COLOR_NAME = AccentColor;
				CODE_SIGN_ENTITLEMENTS = BatteryToolkit/BatteryToolkit.entitlements;
				GENERATE_INFOPLIST_FILE = YES;
				INFOPLIST_FILE = "$(SRCROOT)/BatteryToolkit/Info.plist";
				INFOPLIST_KEY_LSApplicationCategoryType = "public.app-category.utilities";
				INFOPLIST_KEY_NSMainStoryboardFile = Main;
				INFOPLIST_KEY_NSPrincipalClass = NSApplication;
				PRODUCT_BUNDLE_IDENTIFIER = me.mhaeuser.BatteryToolkit;
			};
			name = Debug;
		};
		CE52868428298B6E00860C7B /* Release */ = {
			isa = XCBuildConfiguration;
			buildSettings = {
				ASSETCATALOG_COMPILER_APPICON_NAME = AppIcon;
				ASSETCATALOG_COMPILER_GLOBAL_ACCENT_COLOR_NAME = AccentColor;
				CODE_SIGN_ENTITLEMENTS = BatteryToolkit/BatteryToolkit.entitlements;
				GENERATE_INFOPLIST_FILE = YES;
				INFOPLIST_FILE = "$(SRCROOT)/BatteryToolkit/Info.plist";
				INFOPLIST_KEY_LSApplicationCategoryType = "public.app-category.utilities";
				INFOPLIST_KEY_NSMainStoryboardFile = Main;
				INFOPLIST_KEY_NSPrincipalClass = NSApplication;
				PRODUCT_BUNDLE_IDENTIFIER = me.mhaeuser.BatteryToolkit;
			};
			name = Release;
		};
		CE9BD25328E8908100B6C61D /* Debug */ = {
			isa = XCBuildConfiguration;
			buildSettings = {
				CODE_SIGN_ENTITLEMENTS = AutostartHelper/AutostartHelper.entitlements;
				GENERATE_INFOPLIST_FILE = YES;
				INFOPLIST_KEY_LSApplicationCategoryType = "public.app-category.utilities";
				INFOPLIST_KEY_LSBackgroundOnly = YES;
				INFOPLIST_KEY_NSPrincipalClass = NSApplication;
				PRODUCT_BUNDLE_IDENTIFIER = me.mhaeuser.BatteryToolkitAutostart;
				SKIP_INSTALL = YES;
			};
			name = Debug;
		};
		CE9BD25428E8908100B6C61D /* Release */ = {
			isa = XCBuildConfiguration;
			buildSettings = {
				CODE_SIGN_ENTITLEMENTS = AutostartHelper/AutostartHelper.entitlements;
				GENERATE_INFOPLIST_FILE = YES;
				INFOPLIST_KEY_LSApplicationCategoryType = "public.app-category.utilities";
				INFOPLIST_KEY_LSBackgroundOnly = YES;
				INFOPLIST_KEY_NSPrincipalClass = NSApplication;
				PRODUCT_BUNDLE_IDENTIFIER = me.mhaeuser.BatteryToolkitAutostart;
				SKIP_INSTALL = YES;
			};
			name = Release;
		};
		CEE1655028E4B65C00DC2443 /* Debug */ = {
			isa = XCBuildConfiguration;
			buildSettings = {
				EXECUTABLE_PREFIX = lib;
				GCC_WARN_PEDANTIC = NO;
				INFOPLIST_KEY_CFBundleDisplayName = "";
				SKIP_INSTALL = YES;
			};
			name = Debug;
		};
		CEE1655128E4B65C00DC2443 /* Release */ = {
			isa = XCBuildConfiguration;
			buildSettings = {
				EXECUTABLE_PREFIX = lib;
				GCC_WARN_PEDANTIC = NO;
				INFOPLIST_KEY_CFBundleDisplayName = "";
				SKIP_INSTALL = YES;
			};
			name = Release;
		};
		CEECE32528BB648F00821A3B /* Debug */ = {
			isa = XCBuildConfiguration;
			buildSettings = {
				GENERATE_INFOPLIST_FILE = YES;
				INFOPLIST_FILE = BatteryToolkitService/Info.plist;
				INFOPLIST_KEY_NSHumanReadableCopyright = "";
				PRODUCT_BUNDLE_IDENTIFIER = me.mhaeuser.BatteryToolkitService;
				SKIP_INSTALL = YES;
				STRIP_STYLE = all;
			};
			name = Debug;
		};
		CEECE32628BB648F00821A3B /* Release */ = {
			isa = XCBuildConfiguration;
			buildSettings = {
				GENERATE_INFOPLIST_FILE = YES;
				INFOPLIST_FILE = BatteryToolkitService/Info.plist;
				INFOPLIST_KEY_NSHumanReadableCopyright = "";
				PRODUCT_BUNDLE_IDENTIFIER = me.mhaeuser.BatteryToolkitService;
				SKIP_INSTALL = YES;
				STRIP_STYLE = all;
			};
			name = Release;
		};
/* End XCBuildConfiguration section */

/* Begin XCConfigurationList section */
		CE3974452859E518002D0EC9 /* Build configuration list for PBXNativeTarget "EMH49F8A2Y.me.mhaeuser.batterytoolkitd" */ = {
			isa = XCConfigurationList;
			buildConfigurations = (
				CE3974462859E518002D0EC9 /* Debug */,
				CE3974472859E518002D0EC9 /* Release */,
			);
			defaultConfigurationIsVisible = 0;
			defaultConfigurationName = Release;
		};
		CE52866E28298B6D00860C7B /* Build configuration list for PBXProject "BatteryToolkit" */ = {
			isa = XCConfigurationList;
			buildConfigurations = (
				CE52868028298B6E00860C7B /* Debug */,
				CE52868128298B6E00860C7B /* Release */,
			);
			defaultConfigurationIsVisible = 0;
			defaultConfigurationName = Release;
		};
		CE52868228298B6E00860C7B /* Build configuration list for PBXNativeTarget "Battery Toolkit" */ = {
			isa = XCConfigurationList;
			buildConfigurations = (
				CE52868328298B6E00860C7B /* Debug */,
				CE52868428298B6E00860C7B /* Release */,
			);
			defaultConfigurationIsVisible = 0;
			defaultConfigurationName = Release;
		};
		CE9BD25228E8908100B6C61D /* Build configuration list for PBXNativeTarget "AutostartHelper" */ = {
			isa = XCConfigurationList;
			buildConfigurations = (
				CE9BD25328E8908100B6C61D /* Debug */,
				CE9BD25428E8908100B6C61D /* Release */,
			);
			defaultConfigurationIsVisible = 0;
			defaultConfigurationName = Release;
		};
		CEE1655228E4B65C00DC2443 /* Build configuration list for PBXNativeTarget "SecCodeEx" */ = {
			isa = XCConfigurationList;
			buildConfigurations = (
				CEE1655028E4B65C00DC2443 /* Debug */,
				CEE1655128E4B65C00DC2443 /* Release */,
			);
			defaultConfigurationIsVisible = 0;
			defaultConfigurationName = Release;
		};
		CEECE32428BB648F00821A3B /* Build configuration list for PBXNativeTarget "Battery Toolkit Service" */ = {
			isa = XCConfigurationList;
			buildConfigurations = (
				CEECE32528BB648F00821A3B /* Debug */,
				CEECE32628BB648F00821A3B /* Release */,
			);
			defaultConfigurationIsVisible = 0;
			defaultConfigurationName = Release;
		};
/* End XCConfigurationList section */
	};
	rootObject = CE52866B28298B6D00860C7B /* Project object */;
}
