// !$*UTF8*$!
{
	archiveVersion = 1;
	classes = {
	};
	objectVersion = 55;
	objects = {

/* Begin PBXBuildFile section */
		CE0DB56328BEB4E600B8FC4C /* SettingsInfo.swift in Sources */ = {isa = PBXBuildFile; fileRef = CE0DB56228BEB4E600B8FC4C /* SettingsInfo.swift */; };
		CE0DB56428BEB4E600B8FC4C /* SettingsInfo.swift in Sources */ = {isa = PBXBuildFile; fileRef = CE0DB56228BEB4E600B8FC4C /* SettingsInfo.swift */; };
		CE0DB56528BEB4E600B8FC4C /* SettingsInfo.swift in Sources */ = {isa = PBXBuildFile; fileRef = CE0DB56228BEB4E600B8FC4C /* SettingsInfo.swift */; };
		CE1F5E3728D7339D00F61F67 /* CSIdentification.swift in Sources */ = {isa = PBXBuildFile; fileRef = CE1F5E3528D7339D00F61F67 /* CSIdentification.swift */; };
		CE1F5E3A28D7399D00F61F67 /* CSIdentification.swift in Sources */ = {isa = PBXBuildFile; fileRef = CE1F5E3528D7339D00F61F67 /* CSIdentification.swift */; };
		CE1F5E3C28D760D400F61F67 /* Localization.swift in Sources */ = {isa = PBXBuildFile; fileRef = CE1F5E3B28D760D400F61F67 /* Localization.swift */; };
		CE1F5E3D28D760D400F61F67 /* Localization.swift in Sources */ = {isa = PBXBuildFile; fileRef = CE1F5E3B28D760D400F61F67 /* Localization.swift */; };
		CE1F5E3E28D76C6D00F61F67 /* Settings.storyboard in Resources */ = {isa = PBXBuildFile; fileRef = CE1F5E4128D76C6D00F61F67 /* Settings.storyboard */; };
		CE1F5E3F28D76C6D00F61F67 /* Settings.storyboard in Resources */ = {isa = PBXBuildFile; fileRef = CE1F5E4128D76C6D00F61F67 /* Settings.storyboard */; };
		CE2B96C028A7E2BB00FE3DDB /* SleepKit.swift in Sources */ = {isa = PBXBuildFile; fileRef = CE2B96BF28A7E2BB00FE3DDB /* SleepKit.swift */; };
		CE2B96C128A7E2BB00FE3DDB /* SleepKit.swift in Sources */ = {isa = PBXBuildFile; fileRef = CE2B96BF28A7E2BB00FE3DDB /* SleepKit.swift */; };
		CE30CBA128C48995001E2AC6 /* SettingsViewController.swift in Sources */ = {isa = PBXBuildFile; fileRef = CE30CBA028C48995001E2AC6 /* SettingsViewController.swift */; };
		CE3179EA28DB540600E9C121 /* Authorization.swift in Sources */ = {isa = PBXBuildFile; fileRef = CE3179E928DB540600E9C121 /* Authorization.swift */; };
		CE3179EC28DB543200E9C121 /* Authorization.swift in Sources */ = {isa = PBXBuildFile; fileRef = CE3179E928DB540600E9C121 /* Authorization.swift */; };
		CE3179ED28DB543600E9C121 /* Authorization.swift in Sources */ = {isa = PBXBuildFile; fileRef = CE3179E928DB540600E9C121 /* Authorization.swift */; };
		CE3179F128DC729900E9C121 /* Upgrading.storyboard in Resources */ = {isa = PBXBuildFile; fileRef = CE3179F328DC729900E9C121 /* Upgrading.storyboard */; };
		CE3179F528DC72D800E9C121 /* UpgradingViewController.swift in Sources */ = {isa = PBXBuildFile; fileRef = CE3179F428DC72D800E9C121 /* UpgradingViewController.swift */; };
		CE37DD0C283F80960060C43F /* Main.storyboard in Resources */ = {isa = PBXBuildFile; fileRef = CE37DD0A283F80960060C43F /* Main.storyboard */; };
		CE39745A285A2193002D0EC9 /* SMCKit.swift in Sources */ = {isa = PBXBuildFile; fileRef = CE37DD0D283F86F90060C43F /* SMCKit.swift */; };
		CE397460285A2193002D0EC9 /* SMCPowerKit.swift in Sources */ = {isa = PBXBuildFile; fileRef = CE37DD0F284164160060C43F /* SMCPowerKit.swift */; };
		CE397461285A2193002D0EC9 /* AppDelegate.swift in Sources */ = {isa = PBXBuildFile; fileRef = CE52868528298CA300860C7B /* AppDelegate.swift */; };
		CE397464285A2193002D0EC9 /* Main.storyboard in Resources */ = {isa = PBXBuildFile; fileRef = CE37DD0A283F80960060C43F /* Main.storyboard */; };
		CE397465285A2193002D0EC9 /* Assets.xcassets in Resources */ = {isa = PBXBuildFile; fileRef = CE52867A28298B6E00860C7B /* Assets.xcassets */; };
		CE39746E285A229F002D0EC9 /* BatteryToolkit.swift in Sources */ = {isa = PBXBuildFile; fileRef = CE39746D285A229F002D0EC9 /* BatteryToolkit.swift */; };
		CE397470285A22BB002D0EC9 /* BatteryToolkit.swift in Sources */ = {isa = PBXBuildFile; fileRef = CE39746F285A22BB002D0EC9 /* BatteryToolkit.swift */; };
		CE397472285A2396002D0EC9 /* DaemonXPCServer.swift in Sources */ = {isa = PBXBuildFile; fileRef = CE397471285A2396002D0EC9 /* DaemonXPCServer.swift */; };
		CE397478285A25A1002D0EC9 /* DaemonXPCClient.swift in Sources */ = {isa = PBXBuildFile; fileRef = CE397477285A25A1002D0EC9 /* DaemonXPCClient.swift */; };
		CE3C1D8528C7FB15008A0F7D /* me.mhaeuser.batterytoolkitd.plist in CopyFiles */ = {isa = PBXBuildFile; fileRef = CE675D9528C7E81600F05929 /* me.mhaeuser.batterytoolkitd.plist */; settings = {ATTRIBUTES = (CodeSignOnCopy, ); }; };
		CE3C1DA128C92A42008A0F7D /* me.mhaeuser.batterytoolkitd in CopyFiles */ = {isa = PBXBuildFile; fileRef = CE39744B2859E6D3002D0EC9 /* me.mhaeuser.batterytoolkitd */; settings = {ATTRIBUTES = (CodeSignOnCopy, ); }; };
		CE3C1DA328C9329F008A0F7D /* DaemonManagement.swift in Sources */ = {isa = PBXBuildFile; fileRef = CE3C1DA228C9329F008A0F7D /* DaemonManagement.swift */; };
		CE3C1DA528CA2FF5008A0F7D /* AuthorizationService.swift in Sources */ = {isa = PBXBuildFile; fileRef = CE3C1DA428CA2FF5008A0F7D /* AuthorizationService.swift */; };
		CE3C1DA728CA33FD008A0F7D /* LegacyHelperInfo.swift in Sources */ = {isa = PBXBuildFile; fileRef = CE3C1DA628CA33FD008A0F7D /* LegacyHelperInfo.swift */; };
		CE3C1DA828CA33FD008A0F7D /* LegacyHelperInfo.swift in Sources */ = {isa = PBXBuildFile; fileRef = CE3C1DA628CA33FD008A0F7D /* LegacyHelperInfo.swift */; };
		CE3E9FE228CBBE5700642CBB /* ServiceManagement.framework in Frameworks */ = {isa = PBXBuildFile; fileRef = CE6B75FF28BC1995008DF170 /* ServiceManagement.framework */; };
		CE50557128D65B48000E4387 /* XPCValidation.swift in Sources */ = {isa = PBXBuildFile; fileRef = CE50557028D65B48000E4387 /* XPCValidation.swift */; };
		CE50557228D65B48000E4387 /* XPCValidation.swift in Sources */ = {isa = PBXBuildFile; fileRef = CE50557028D65B48000E4387 /* XPCValidation.swift */; };
		CE50557328D65C6D000E4387 /* BTPreprocessor.m in Sources */ = {isa = PBXBuildFile; fileRef = CEE387BD28A836AA00C2007C /* BTPreprocessor.m */; };
		CE52867B28298B6E00860C7B /* Assets.xcassets in Resources */ = {isa = PBXBuildFile; fileRef = CE52867A28298B6E00860C7B /* Assets.xcassets */; };
		CE52868628298CA300860C7B /* AppDelegate.swift in Sources */ = {isa = PBXBuildFile; fileRef = CE52868528298CA300860C7B /* AppDelegate.swift */; };
		CE54510228D9FE9D00D6EB5F /* DaemonManagement.swift in Sources */ = {isa = PBXBuildFile; fileRef = CE54510128D9FE9D00D6EB5F /* DaemonManagement.swift */; };
		CE54510428DA017300D6EB5F /* AppPrompts.swift in Sources */ = {isa = PBXBuildFile; fileRef = CE54510328DA017300D6EB5F /* AppPrompts.swift */; };
		CE6B75F928BC18EA008DF170 /* DaemonCommProtocol.swift in Sources */ = {isa = PBXBuildFile; fileRef = CEA80FDA285A57030064ADEA /* DaemonCommProtocol.swift */; };
		CE6B75FA28BC1908008DF170 /* DaemonCommProtocol.swift in Sources */ = {isa = PBXBuildFile; fileRef = CEA80FDA285A57030064ADEA /* DaemonCommProtocol.swift */; };
		CE6B75FC28BC196C008DF170 /* Foundation.framework in Frameworks */ = {isa = PBXBuildFile; fileRef = CE6C06A028A8398600D76CC8 /* Foundation.framework */; };
		CE6B75FD28BC1986008DF170 /* Foundation.framework in Frameworks */ = {isa = PBXBuildFile; fileRef = CE6C06A028A8398600D76CC8 /* Foundation.framework */; };
		CE6B75FE28BC198E008DF170 /* Foundation.framework in Frameworks */ = {isa = PBXBuildFile; fileRef = CE6C06A028A8398600D76CC8 /* Foundation.framework */; };
		CE6B760128BC199F008DF170 /* IOKit.framework in Frameworks */ = {isa = PBXBuildFile; fileRef = CE00654428A989DD0049B17D /* IOKit.framework */; };
		CE6B760228BC19B5008DF170 /* CoreFoundation.framework in Frameworks */ = {isa = PBXBuildFile; fileRef = CE00654628A989EB0049B17D /* CoreFoundation.framework */; };
		CE6B760428BC19C7008DF170 /* Cocoa.framework in Frameworks */ = {isa = PBXBuildFile; fileRef = CE6B760328BC19C7008DF170 /* Cocoa.framework */; };
		CE6B760728BC1ABC008DF170 /* AppXPCClient.swift in Sources */ = {isa = PBXBuildFile; fileRef = CE6B760628BC1ABC008DF170 /* AppXPCClient.swift */; };
		CE6B760928BC1D15008DF170 /* ServiceXPCServer.swift in Sources */ = {isa = PBXBuildFile; fileRef = CE6B760828BC1D15008DF170 /* ServiceXPCServer.swift */; };
		CE7F623328B95A7300EF58F9 /* BTPreprocessor.m in Sources */ = {isa = PBXBuildFile; fileRef = CEE387BD28A836AA00C2007C /* BTPreprocessor.m */; };
		CE7F623428B95A7E00EF58F9 /* BTPreprocessor.m in Sources */ = {isa = PBXBuildFile; fileRef = CEE387BD28A836AA00C2007C /* BTPreprocessor.m */; };
		CE7F623528B95A8200EF58F9 /* BTPreprocessor.m in Sources */ = {isa = PBXBuildFile; fileRef = CEE387BD28A836AA00C2007C /* BTPreprocessor.m */; };
		CE85D05F28D7B7E6005D1E0C /* DaemonManagementService.swift in Sources */ = {isa = PBXBuildFile; fileRef = CE85D05E28D7B7E6005D1E0C /* DaemonManagementService.swift */; };
		CE8ED7F428C144EE00398581 /* Dispatcher.swift in Sources */ = {isa = PBXBuildFile; fileRef = CE8ED7F328C144EE00398581 /* Dispatcher.swift */; };
		CE8ED7F528C16A5800398581 /* PowerEvents.swift in Sources */ = {isa = PBXBuildFile; fileRef = CEC321AF284BAA2B009B9A30 /* PowerEvents.swift */; };
		CE8ED7F628C16A6500398581 /* PowerState.swift in Sources */ = {isa = PBXBuildFile; fileRef = CEECE31028BAB12000821A3B /* PowerState.swift */; };
		CE8ED7F728C16AA200398581 /* Dispatcher.swift in Sources */ = {isa = PBXBuildFile; fileRef = CE8ED7F328C144EE00398581 /* Dispatcher.swift */; };
		CEA80FCB285A27CF0064ADEA /* SMCKit.swift in Sources */ = {isa = PBXBuildFile; fileRef = CE37DD0D283F86F90060C43F /* SMCKit.swift */; };
		CEA80FCC285A27D20064ADEA /* SMCPowerKit.swift in Sources */ = {isa = PBXBuildFile; fileRef = CE37DD0F284164160060C43F /* SMCPowerKit.swift */; };
		CEA80FD0285A27FB0064ADEA /* PowerEvents.swift in Sources */ = {isa = PBXBuildFile; fileRef = CEC321AF284BAA2B009B9A30 /* PowerEvents.swift */; };
		CEA80FD2285A28230064ADEA /* Settings.swift in Sources */ = {isa = PBXBuildFile; fileRef = CE3A8F6C284D056D00A9E373 /* Settings.swift */; };
		CEA80FD6285A565C0064ADEA /* DaemonComm.swift in Sources */ = {isa = PBXBuildFile; fileRef = CEA80FD5285A565C0064ADEA /* DaemonComm.swift */; };
		CEA80FD8285A56B60064ADEA /* main.swift in Sources */ = {isa = PBXBuildFile; fileRef = CEA80FD7285A56B50064ADEA /* main.swift */; };
		CEB09B7328D7B9A5007FFB37 /* DaemonManagementLegacy.swift in Sources */ = {isa = PBXBuildFile; fileRef = CEB09B7228D7B9A5007FFB37 /* DaemonManagementLegacy.swift */; };
		CEB4A42428D39ECE004FA277 /* DaemonManagementStatus.swift in Sources */ = {isa = PBXBuildFile; fileRef = CEB4A42328D39ECE004FA277 /* DaemonManagementStatus.swift */; };
		CEB4A42828D3B184004FA277 /* StateInfo.swift in Sources */ = {isa = PBXBuildFile; fileRef = CEB4A42728D3B184004FA277 /* StateInfo.swift */; };
		CEB4A42928D3B184004FA277 /* StateInfo.swift in Sources */ = {isa = PBXBuildFile; fileRef = CEB4A42728D3B184004FA277 /* StateInfo.swift */; };
		CEB4A42A28D3B184004FA277 /* StateInfo.swift in Sources */ = {isa = PBXBuildFile; fileRef = CEB4A42728D3B184004FA277 /* StateInfo.swift */; };
		CEB4A42C28D3B97A004FA277 /* MenuBarExtraMenuDelegate.swift in Sources */ = {isa = PBXBuildFile; fileRef = CEB4A42B28D3B97A004FA277 /* MenuBarExtraMenuDelegate.swift */; };
		CEB4A42D28D3B97A004FA277 /* MenuBarExtraMenuDelegate.swift in Sources */ = {isa = PBXBuildFile; fileRef = CEB4A42B28D3B97A004FA277 /* MenuBarExtraMenuDelegate.swift */; };
		CEB4A42F28D4D4D0004FA277 /* SettingsWindowController.swift in Sources */ = {isa = PBXBuildFile; fileRef = CEB4A42E28D4D4D0004FA277 /* SettingsWindowController.swift */; };
		CEB4A43028D4D4D0004FA277 /* SettingsWindowController.swift in Sources */ = {isa = PBXBuildFile; fileRef = CEB4A42E28D4D4D0004FA277 /* SettingsWindowController.swift */; };
		CED8DD3928C365790082C02A /* Security.framework in Frameworks */ = {isa = PBXBuildFile; fileRef = CED8DD3828C365790082C02A /* Security.framework */; };
		CEECE31128BAB12000821A3B /* PowerState.swift in Sources */ = {isa = PBXBuildFile; fileRef = CEECE31028BAB12000821A3B /* PowerState.swift */; };
		CEECE32328BB648F00821A3B /* BatteryToolkitXPC.xpc in Embed XPC Services */ = {isa = PBXBuildFile; fileRef = CEECE31828BB648F00821A3B /* BatteryToolkitXPC.xpc */; settings = {ATTRIBUTES = (RemoveHeadersOnCopy, ); }; };
		CEECE32828BB652400821A3B /* main.swift in Sources */ = {isa = PBXBuildFile; fileRef = CEECE32728BB652400821A3B /* main.swift */; };
		CEECE33028BB742500821A3B /* ServiceCommProtocol.swift in Sources */ = {isa = PBXBuildFile; fileRef = CEECE32F28BB742500821A3B /* ServiceCommProtocol.swift */; };
		CEECE33128BB742500821A3B /* ServiceCommProtocol.swift in Sources */ = {isa = PBXBuildFile; fileRef = CEECE32F28BB742500821A3B /* ServiceCommProtocol.swift */; };
		CEECE33328BB745B00821A3B /* ServiceComm.swift in Sources */ = {isa = PBXBuildFile; fileRef = CEECE33228BB745B00821A3B /* ServiceComm.swift */; };
		CEED18AF28BCB24D005F06FC /* Settings.swift in Sources */ = {isa = PBXBuildFile; fileRef = CE3A8F6C284D056D00A9E373 /* Settings.swift */; };
		CEF3497128DCD75F00A1CECD /* SecCodeEx.c in Sources */ = {isa = PBXBuildFile; fileRef = CEF3496E28DCD36100A1CECD /* SecCodeEx.c */; };
		CEF3497228DCD77000A1CECD /* SecCodeEx.c in Sources */ = {isa = PBXBuildFile; fileRef = CEF3496E28DCD36100A1CECD /* SecCodeEx.c */; };
/* End PBXBuildFile section */

/* Begin PBXContainerItemProxy section */
		CE397450285A2100002D0EC9 /* PBXContainerItemProxy */ = {
			isa = PBXContainerItemProxy;
			containerPortal = CE52866B28298B6D00860C7B /* Project object */;
			proxyType = 1;
			remoteGlobalIDString = CE3974402859E518002D0EC9;
			remoteInfo = batterytoolkitd;
		};
		CEECE32128BB648F00821A3B /* PBXContainerItemProxy */ = {
			isa = PBXContainerItemProxy;
			containerPortal = CE52866B28298B6D00860C7B /* Project object */;
			proxyType = 1;
			remoteGlobalIDString = CEECE31728BB648F00821A3B;
			remoteInfo = BatteryToolkitXPC;
		};
/* End PBXContainerItemProxy section */

/* Begin PBXCopyFilesBuildPhase section */
		CE3C1D8428C7FB09008A0F7D /* CopyFiles */ = {
			isa = PBXCopyFilesBuildPhase;
			buildActionMask = 2147483647;
			dstPath = Contents/Library/LaunchDaemons;
			dstSubfolderSpec = 1;
			files = (
				CE3C1D8528C7FB15008A0F7D /* me.mhaeuser.batterytoolkitd.plist in CopyFiles */,
			);
			runOnlyForDeploymentPostprocessing = 0;
		};
		CE3C1DA028C92A3A008A0F7D /* CopyFiles */ = {
			isa = PBXCopyFilesBuildPhase;
			buildActionMask = 2147483647;
			dstPath = Contents/Library/LaunchServices;
			dstSubfolderSpec = 1;
			files = (
				CE3C1DA128C92A42008A0F7D /* me.mhaeuser.batterytoolkitd in CopyFiles */,
			);
			runOnlyForDeploymentPostprocessing = 0;
		};
		CE3D5ADC285DE59100705842 /* Embed XPC Services */ = {
			isa = PBXCopyFilesBuildPhase;
			buildActionMask = 2147483647;
			dstPath = "$(CONTENTS_FOLDER_PATH)/XPCServices";
			dstSubfolderSpec = 16;
			files = (
				CEECE32328BB648F00821A3B /* BatteryToolkitXPC.xpc in Embed XPC Services */,
			);
			name = "Embed XPC Services";
			runOnlyForDeploymentPostprocessing = 0;
		};
/* End PBXCopyFilesBuildPhase section */

/* Begin PBXFileReference section */
		CE00654428A989DD0049B17D /* IOKit.framework */ = {isa = PBXFileReference; lastKnownFileType = wrapper.framework; name = IOKit.framework; path = System/Library/Frameworks/IOKit.framework; sourceTree = SDKROOT; };
		CE00654628A989EB0049B17D /* CoreFoundation.framework */ = {isa = PBXFileReference; lastKnownFileType = wrapper.framework; name = CoreFoundation.framework; path = System/Library/Frameworks/CoreFoundation.framework; sourceTree = SDKROOT; };
		CE0DB56228BEB4E600B8FC4C /* SettingsInfo.swift */ = {isa = PBXFileReference; lastKnownFileType = sourcecode.swift; path = SettingsInfo.swift; sourceTree = "<group>"; };
		CE1F5E3528D7339D00F61F67 /* CSIdentification.swift */ = {isa = PBXFileReference; lastKnownFileType = sourcecode.swift; path = CSIdentification.swift; sourceTree = "<group>"; };
		CE1F5E3B28D760D400F61F67 /* Localization.swift */ = {isa = PBXFileReference; lastKnownFileType = sourcecode.swift; path = Localization.swift; sourceTree = "<group>"; };
		CE1F5E4028D76C6D00F61F67 /* Base */ = {isa = PBXFileReference; lastKnownFileType = file.storyboard; name = Base; path = Base.lproj/Settings.storyboard; sourceTree = "<group>"; };
		CE2B96BD28A7CEFE00FE3DDB /* IOPMLibPrivate.h */ = {isa = PBXFileReference; lastKnownFileType = sourcecode.c.h; path = IOPMLibPrivate.h; sourceTree = "<group>"; };
		CE2B96BF28A7E2BB00FE3DDB /* SleepKit.swift */ = {isa = PBXFileReference; lastKnownFileType = sourcecode.swift; path = SleepKit.swift; sourceTree = "<group>"; };
		CE2B96C228A81C5100FE3DDB /* BTPreprocessor.h */ = {isa = PBXFileReference; lastKnownFileType = sourcecode.c.h; path = BTPreprocessor.h; sourceTree = "<group>"; };
		CE2B96C328A81CB900FE3DDB /* module.modulemap */ = {isa = PBXFileReference; lastKnownFileType = "sourcecode.module-map"; path = module.modulemap; sourceTree = "<group>"; };
		CE30CBA028C48995001E2AC6 /* SettingsViewController.swift */ = {isa = PBXFileReference; lastKnownFileType = sourcecode.swift; path = SettingsViewController.swift; sourceTree = "<group>"; };
		CE3179E928DB540600E9C121 /* Authorization.swift */ = {isa = PBXFileReference; fileEncoding = 4; lastKnownFileType = sourcecode.swift; path = Authorization.swift; sourceTree = "<group>"; };
		CE3179F228DC729900E9C121 /* Base */ = {isa = PBXFileReference; lastKnownFileType = file.storyboard; name = Base; path = Base.lproj/Upgrading.storyboard; sourceTree = "<group>"; };
		CE3179F428DC72D800E9C121 /* UpgradingViewController.swift */ = {isa = PBXFileReference; lastKnownFileType = sourcecode.swift; path = UpgradingViewController.swift; sourceTree = "<group>"; };
		CE37DD0B283F80960060C43F /* Base */ = {isa = PBXFileReference; lastKnownFileType = file.storyboard; name = Base; path = Base.lproj/Main.storyboard; sourceTree = "<group>"; };
		CE37DD0D283F86F90060C43F /* SMCKit.swift */ = {isa = PBXFileReference; lastKnownFileType = sourcecode.swift; path = SMCKit.swift; sourceTree = "<group>"; };
		CE37DD0F284164160060C43F /* SMCPowerKit.swift */ = {isa = PBXFileReference; lastKnownFileType = sourcecode.swift; path = SMCPowerKit.swift; sourceTree = "<group>"; };
		CE39744B2859E6D3002D0EC9 /* me.mhaeuser.batterytoolkitd */ = {isa = PBXFileReference; explicitFileType = "compiled.mach-o.executable"; includeInIndex = 0; path = me.mhaeuser.batterytoolkitd; sourceTree = BUILT_PRODUCTS_DIR; };
		CE39744C285A1D35002D0EC9 /* Battery Toolkit.app */ = {isa = PBXFileReference; explicitFileType = wrapper.application; includeInIndex = 0; path = "Battery Toolkit.app"; sourceTree = BUILT_PRODUCTS_DIR; };
		CE39746D285A229F002D0EC9 /* BatteryToolkit.swift */ = {isa = PBXFileReference; lastKnownFileType = sourcecode.swift; path = BatteryToolkit.swift; sourceTree = "<group>"; };
		CE39746F285A22BB002D0EC9 /* BatteryToolkit.swift */ = {isa = PBXFileReference; lastKnownFileType = sourcecode.swift; path = BatteryToolkit.swift; sourceTree = "<group>"; };
		CE397471285A2396002D0EC9 /* DaemonXPCServer.swift */ = {isa = PBXFileReference; lastKnownFileType = sourcecode.swift; path = DaemonXPCServer.swift; sourceTree = "<group>"; };
		CE397477285A25A1002D0EC9 /* DaemonXPCClient.swift */ = {isa = PBXFileReference; lastKnownFileType = sourcecode.swift; path = DaemonXPCClient.swift; sourceTree = "<group>"; };
		CE3A8F6C284D056D00A9E373 /* Settings.swift */ = {isa = PBXFileReference; lastKnownFileType = sourcecode.swift; path = Settings.swift; sourceTree = "<group>"; };
		CE3C1D8028C7F622008A0F7D /* launchd.plist */ = {isa = PBXFileReference; fileEncoding = 4; lastKnownFileType = text.plist.xml; path = launchd.plist; sourceTree = "<group>"; };
		CE3C1D8128C7F950008A0F7D /* uninstall_legacy.sh */ = {isa = PBXFileReference; lastKnownFileType = text.script.sh; path = uninstall_legacy.sh; sourceTree = "<group>"; };
		CE3C1DA228C9329F008A0F7D /* DaemonManagement.swift */ = {isa = PBXFileReference; lastKnownFileType = sourcecode.swift; path = DaemonManagement.swift; sourceTree = "<group>"; };
		CE3C1DA428CA2FF5008A0F7D /* AuthorizationService.swift */ = {isa = PBXFileReference; lastKnownFileType = sourcecode.swift; path = AuthorizationService.swift; sourceTree = "<group>"; };
		CE3C1DA628CA33FD008A0F7D /* LegacyHelperInfo.swift */ = {isa = PBXFileReference; lastKnownFileType = sourcecode.swift; path = LegacyHelperInfo.swift; sourceTree = "<group>"; };
		CE50557028D65B48000E4387 /* XPCValidation.swift */ = {isa = PBXFileReference; lastKnownFileType = sourcecode.swift; path = XPCValidation.swift; sourceTree = "<group>"; };
		CE52867A28298B6E00860C7B /* Assets.xcassets */ = {isa = PBXFileReference; lastKnownFileType = folder.assetcatalog; path = Assets.xcassets; sourceTree = "<group>"; };
		CE52867F28298B6E00860C7B /* BatteryToolkit.entitlements */ = {isa = PBXFileReference; lastKnownFileType = text.plist.entitlements; path = BatteryToolkit.entitlements; sourceTree = "<group>"; };
		CE52868528298CA300860C7B /* AppDelegate.swift */ = {isa = PBXFileReference; lastKnownFileType = sourcecode.swift; path = AppDelegate.swift; sourceTree = "<group>"; };
		CE54510128D9FE9D00D6EB5F /* DaemonManagement.swift */ = {isa = PBXFileReference; lastKnownFileType = sourcecode.swift; path = DaemonManagement.swift; sourceTree = "<group>"; };
		CE54510328DA017300D6EB5F /* AppPrompts.swift */ = {isa = PBXFileReference; lastKnownFileType = sourcecode.swift; path = AppPrompts.swift; sourceTree = "<group>"; };
		CE675D9528C7E81600F05929 /* me.mhaeuser.batterytoolkitd.plist */ = {isa = PBXFileReference; fileEncoding = 4; lastKnownFileType = text.plist.xml; path = me.mhaeuser.batterytoolkitd.plist; sourceTree = "<group>"; };
		CE675D9628C7E82E00F05929 /* Info.plist */ = {isa = PBXFileReference; fileEncoding = 4; lastKnownFileType = text.plist.xml; path = Info.plist; sourceTree = "<group>"; };
		CE6B75FF28BC1995008DF170 /* ServiceManagement.framework */ = {isa = PBXFileReference; lastKnownFileType = wrapper.framework; name = ServiceManagement.framework; path = System/Library/Frameworks/ServiceManagement.framework; sourceTree = SDKROOT; };
		CE6B760328BC19C7008DF170 /* Cocoa.framework */ = {isa = PBXFileReference; lastKnownFileType = wrapper.framework; name = Cocoa.framework; path = System/Library/Frameworks/Cocoa.framework; sourceTree = SDKROOT; };
		CE6B760628BC1ABC008DF170 /* AppXPCClient.swift */ = {isa = PBXFileReference; lastKnownFileType = sourcecode.swift; path = AppXPCClient.swift; sourceTree = "<group>"; };
		CE6B760828BC1D15008DF170 /* ServiceXPCServer.swift */ = {isa = PBXFileReference; lastKnownFileType = sourcecode.swift; path = ServiceXPCServer.swift; sourceTree = "<group>"; };
		CE6C06A028A8398600D76CC8 /* Foundation.framework */ = {isa = PBXFileReference; lastKnownFileType = wrapper.framework; name = Foundation.framework; path = System/Library/Frameworks/Foundation.framework; sourceTree = SDKROOT; };
		CE6C06A428A84AAB00D76CC8 /* module.modulemap */ = {isa = PBXFileReference; lastKnownFileType = "sourcecode.module-map"; path = module.modulemap; sourceTree = "<group>"; };
		CE85D05E28D7B7E6005D1E0C /* DaemonManagementService.swift */ = {isa = PBXFileReference; lastKnownFileType = sourcecode.swift; path = DaemonManagementService.swift; sourceTree = "<group>"; };
		CE8ED7F328C144EE00398581 /* Dispatcher.swift */ = {isa = PBXFileReference; lastKnownFileType = sourcecode.swift; path = Dispatcher.swift; sourceTree = "<group>"; };
		CEA80FCA285A270F0064ADEA /* BatteryToolkitStandalone.app */ = {isa = PBXFileReference; explicitFileType = wrapper.application; includeInIndex = 0; path = BatteryToolkitStandalone.app; sourceTree = BUILT_PRODUCTS_DIR; };
		CEA80FD3285A51600064ADEA /* NSXPCConnectionAuditToken.h */ = {isa = PBXFileReference; lastKnownFileType = sourcecode.c.h; path = NSXPCConnectionAuditToken.h; sourceTree = "<group>"; };
		CEA80FD5285A565C0064ADEA /* DaemonComm.swift */ = {isa = PBXFileReference; lastKnownFileType = sourcecode.swift; path = DaemonComm.swift; sourceTree = "<group>"; };
		CEA80FD7285A56B50064ADEA /* main.swift */ = {isa = PBXFileReference; lastKnownFileType = sourcecode.swift; path = main.swift; sourceTree = "<group>"; };
		CEA80FDA285A57030064ADEA /* DaemonCommProtocol.swift */ = {isa = PBXFileReference; lastKnownFileType = sourcecode.swift; path = DaemonCommProtocol.swift; sourceTree = "<group>"; };
		CEB09B7228D7B9A5007FFB37 /* DaemonManagementLegacy.swift */ = {isa = PBXFileReference; lastKnownFileType = sourcecode.swift; path = DaemonManagementLegacy.swift; sourceTree = "<group>"; };
		CEB4671B2843BFA000D7CB01 /* SMCParamStruct.h */ = {isa = PBXFileReference; lastKnownFileType = sourcecode.c.h; path = SMCParamStruct.h; sourceTree = "<group>"; };
		CEB4671D2843C87200D7CB01 /* module.modulemap */ = {isa = PBXFileReference; lastKnownFileType = "sourcecode.module-map"; path = module.modulemap; sourceTree = "<group>"; };
		CEB4A42328D39ECE004FA277 /* DaemonManagementStatus.swift */ = {isa = PBXFileReference; lastKnownFileType = sourcecode.swift; path = DaemonManagementStatus.swift; sourceTree = "<group>"; };
		CEB4A42728D3B184004FA277 /* StateInfo.swift */ = {isa = PBXFileReference; lastKnownFileType = sourcecode.swift; path = StateInfo.swift; sourceTree = "<group>"; };
		CEB4A42B28D3B97A004FA277 /* MenuBarExtraMenuDelegate.swift */ = {isa = PBXFileReference; lastKnownFileType = sourcecode.swift; path = MenuBarExtraMenuDelegate.swift; sourceTree = "<group>"; };
		CEB4A42E28D4D4D0004FA277 /* SettingsWindowController.swift */ = {isa = PBXFileReference; lastKnownFileType = sourcecode.swift; path = SettingsWindowController.swift; sourceTree = "<group>"; };
		CEC321AF284BAA2B009B9A30 /* PowerEvents.swift */ = {isa = PBXFileReference; lastKnownFileType = sourcecode.swift; path = PowerEvents.swift; sourceTree = "<group>"; };
		CEC321B1284BBC93009B9A30 /* IOPowerSourcesPrivate.h */ = {isa = PBXFileReference; lastKnownFileType = sourcecode.c.h; path = IOPowerSourcesPrivate.h; sourceTree = "<group>"; };
		CED8DD3728C364FA0082C02A /* module.modulemap */ = {isa = PBXFileReference; lastKnownFileType = "sourcecode.module-map"; path = module.modulemap; sourceTree = "<group>"; };
		CED8DD3828C365790082C02A /* Security.framework */ = {isa = PBXFileReference; lastKnownFileType = wrapper.framework; name = Security.framework; path = System/Library/Frameworks/Security.framework; sourceTree = SDKROOT; };
		CEE387BD28A836AA00C2007C /* BTPreprocessor.m */ = {isa = PBXFileReference; lastKnownFileType = sourcecode.c.objc; path = BTPreprocessor.m; sourceTree = "<group>"; };
		CEE95015285BC3EF00FF60E0 /* Info.plist */ = {isa = PBXFileReference; lastKnownFileType = text.plist; path = Info.plist; sourceTree = "<group>"; };
		CEECE31028BAB12000821A3B /* PowerState.swift */ = {isa = PBXFileReference; lastKnownFileType = sourcecode.swift; path = PowerState.swift; sourceTree = "<group>"; };
		CEECE31828BB648F00821A3B /* BatteryToolkitXPC.xpc */ = {isa = PBXFileReference; explicitFileType = "wrapper.xpc-service"; includeInIndex = 0; path = BatteryToolkitXPC.xpc; sourceTree = BUILT_PRODUCTS_DIR; };
		CEECE32028BB648F00821A3B /* Info.plist */ = {isa = PBXFileReference; lastKnownFileType = text.plist.xml; path = Info.plist; sourceTree = "<group>"; };
		CEECE32728BB652400821A3B /* main.swift */ = {isa = PBXFileReference; lastKnownFileType = sourcecode.swift; path = main.swift; sourceTree = "<group>"; };
		CEECE32F28BB742500821A3B /* ServiceCommProtocol.swift */ = {isa = PBXFileReference; lastKnownFileType = sourcecode.swift; path = ServiceCommProtocol.swift; sourceTree = "<group>"; };
		CEECE33228BB745B00821A3B /* ServiceComm.swift */ = {isa = PBXFileReference; lastKnownFileType = sourcecode.swift; path = ServiceComm.swift; sourceTree = "<group>"; };
		CEF3496E28DCD36100A1CECD /* SecCodeEx.c */ = {isa = PBXFileReference; lastKnownFileType = sourcecode.c.c; path = SecCodeEx.c; sourceTree = "<group>"; };
		CEF3496F28DCD52400A1CECD /* SecCodeEx.h */ = {isa = PBXFileReference; lastKnownFileType = sourcecode.c.h; path = SecCodeEx.h; sourceTree = "<group>"; };
		CEF3497028DCD55900A1CECD /* module.modulemap */ = {isa = PBXFileReference; lastKnownFileType = "sourcecode.module-map"; path = module.modulemap; sourceTree = "<group>"; };
/* End PBXFileReference section */

/* Begin PBXFrameworksBuildPhase section */
		CE39743E2859E518002D0EC9 /* Frameworks */ = {
			isa = PBXFrameworksBuildPhase;
			buildActionMask = 2147483647;
			files = (
				CE6B760228BC19B5008DF170 /* CoreFoundation.framework in Frameworks */,
				CE6B75FC28BC196C008DF170 /* Foundation.framework in Frameworks */,
				CED8DD3928C365790082C02A /* Security.framework in Frameworks */,
				CE6B760128BC199F008DF170 /* IOKit.framework in Frameworks */,
			);
			runOnlyForDeploymentPostprocessing = 0;
		};
		CE397462285A2193002D0EC9 /* Frameworks */ = {
			isa = PBXFrameworksBuildPhase;
			buildActionMask = 2147483647;
			files = (
			);
			runOnlyForDeploymentPostprocessing = 0;
		};
		CE52867028298B6D00860C7B /* Frameworks */ = {
			isa = PBXFrameworksBuildPhase;
			buildActionMask = 2147483647;
			files = (
				CE3E9FE228CBBE5700642CBB /* ServiceManagement.framework in Frameworks */,
				CE6B760428BC19C7008DF170 /* Cocoa.framework in Frameworks */,
				CE6B75FD28BC1986008DF170 /* Foundation.framework in Frameworks */,
			);
			runOnlyForDeploymentPostprocessing = 0;
		};
		CEECE31528BB648F00821A3B /* Frameworks */ = {
			isa = PBXFrameworksBuildPhase;
			buildActionMask = 2147483647;
			files = (
				CE6B75FE28BC198E008DF170 /* Foundation.framework in Frameworks */,
			);
			runOnlyForDeploymentPostprocessing = 0;
		};
/* End PBXFrameworksBuildPhase section */

/* Begin PBXGroup section */
		CE0DA2BB28D7BFA800C35C45 /* DaemonManagement */ = {
			isa = PBXGroup;
			children = (
				CEB4A42328D39ECE004FA277 /* DaemonManagementStatus.swift */,
				CE3C1DA228C9329F008A0F7D /* DaemonManagement.swift */,
				CE85D05E28D7B7E6005D1E0C /* DaemonManagementService.swift */,
				CEB09B7228D7B9A5007FFB37 /* DaemonManagementLegacy.swift */,
			);
			path = DaemonManagement;
			sourceTree = "<group>";
		};
		CE3974422859E518002D0EC9 /* me.mhaeuser.batterytoolkitd */ = {
			isa = PBXGroup;
			children = (
				CEECE31028BAB12000821A3B /* PowerState.swift */,
				CE3A8F6C284D056D00A9E373 /* Settings.swift */,
				CEC321AF284BAA2B009B9A30 /* PowerEvents.swift */,
				CE3C1D8028C7F622008A0F7D /* launchd.plist */,
				CE675D9528C7E81600F05929 /* me.mhaeuser.batterytoolkitd.plist */,
				CE675D9628C7E82E00F05929 /* Info.plist */,
				CE397471285A2396002D0EC9 /* DaemonXPCServer.swift */,
				CEA80FD5285A565C0064ADEA /* DaemonComm.swift */,
				CEA80FD7285A56B50064ADEA /* main.swift */,
				CE8ED7F328C144EE00398581 /* Dispatcher.swift */,
				CE54510128D9FE9D00D6EB5F /* DaemonManagement.swift */,
			);
			path = me.mhaeuser.batterytoolkitd;
			sourceTree = "<group>";
		};
		CE3A8F6E284D26BA00A9E373 /* Frameworks */ = {
			isa = PBXGroup;
			children = (
				CED8DD3828C365790082C02A /* Security.framework */,
				CE6B760328BC19C7008DF170 /* Cocoa.framework */,
				CE6B75FF28BC1995008DF170 /* ServiceManagement.framework */,
				CE00654628A989EB0049B17D /* CoreFoundation.framework */,
				CE00654428A989DD0049B17D /* IOKit.framework */,
				CE6C06A028A8398600D76CC8 /* Foundation.framework */,
			);
			name = Frameworks;
			sourceTree = "<group>";
		};
		CE3D5ADD285DE62600705842 /* BatteryToolkitStandalone */ = {
			isa = PBXGroup;
			children = (
				CE39746F285A22BB002D0EC9 /* BatteryToolkit.swift */,
			);
			path = BatteryToolkitStandalone;
			sourceTree = "<group>";
		};
		CE52866A28298B6D00860C7B = {
			isa = PBXGroup;
			children = (
				CEF3496D28DCD34900A1CECD /* SecCodeEx */,
				CE3C1D8128C7F950008A0F7D /* uninstall_legacy.sh */,
				CED8DD3628C364D60082C02A /* NSXPCConnectionAuditToken */,
				CEECE31928BB648F00821A3B /* BatteryToolkitXPC */,
				CE6B75F728BC18DD008DF170 /* Common */,
				CE6C06B828A84C2400D76CC8 /* Preprocessor */,
				CEB4671C2843C80D00D7CB01 /* SMCPrivate */,
				CE6C06A328A84A9200D76CC8 /* IOPMPrivate */,
				CE3D5ADD285DE62600705842 /* BatteryToolkitStandalone */,
				CE555D89285D2A0B0031A6F9 /* Libraries */,
				CE52867528298B6D00860C7B /* BatteryToolkit */,
				CE3974422859E518002D0EC9 /* me.mhaeuser.batterytoolkitd */,
				CE3A8F6E284D26BA00A9E373 /* Frameworks */,
				CE39744B2859E6D3002D0EC9 /* me.mhaeuser.batterytoolkitd */,
				CE39744C285A1D35002D0EC9 /* Battery Toolkit.app */,
				CEA80FCA285A270F0064ADEA /* BatteryToolkitStandalone.app */,
				CEECE31828BB648F00821A3B /* BatteryToolkitXPC.xpc */,
			);
			sourceTree = "<group>";
		};
		CE52867528298B6D00860C7B /* BatteryToolkit */ = {
			isa = PBXGroup;
			children = (
				CE0DA2BB28D7BFA800C35C45 /* DaemonManagement */,
				CEE95015285BC3EF00FF60E0 /* Info.plist */,
				CE52867A28298B6E00860C7B /* Assets.xcassets */,
				CE52867F28298B6E00860C7B /* BatteryToolkit.entitlements */,
				CE52868528298CA300860C7B /* AppDelegate.swift */,
				CE37DD0A283F80960060C43F /* Main.storyboard */,
				CE39746D285A229F002D0EC9 /* BatteryToolkit.swift */,
				CE397477285A25A1002D0EC9 /* DaemonXPCClient.swift */,
				CE6B760628BC1ABC008DF170 /* AppXPCClient.swift */,
				CE1F5E4128D76C6D00F61F67 /* Settings.storyboard */,
				CE30CBA028C48995001E2AC6 /* SettingsViewController.swift */,
				CE3C1DA428CA2FF5008A0F7D /* AuthorizationService.swift */,
				CEB4A42B28D3B97A004FA277 /* MenuBarExtraMenuDelegate.swift */,
				CEB4A42E28D4D4D0004FA277 /* SettingsWindowController.swift */,
				CE54510328DA017300D6EB5F /* AppPrompts.swift */,
				CE3179F328DC729900E9C121 /* Upgrading.storyboard */,
				CE3179F428DC72D800E9C121 /* UpgradingViewController.swift */,
			);
			path = BatteryToolkit;
			sourceTree = "<group>";
		};
		CE555D89285D2A0B0031A6F9 /* Libraries */ = {
			isa = PBXGroup;
			children = (
				CE1F5E3528D7339D00F61F67 /* CSIdentification.swift */,
				CE37DD0D283F86F90060C43F /* SMCKit.swift */,
				CE37DD0F284164160060C43F /* SMCPowerKit.swift */,
				CE2B96BF28A7E2BB00FE3DDB /* SleepKit.swift */,
			);
			path = Libraries;
			sourceTree = "<group>";
		};
		CE6B75F728BC18DD008DF170 /* Common */ = {
			isa = PBXGroup;
			children = (
				CE3179E928DB540600E9C121 /* Authorization.swift */,
				CEA80FDA285A57030064ADEA /* DaemonCommProtocol.swift */,
				CE0DB56228BEB4E600B8FC4C /* SettingsInfo.swift */,
				CE3C1DA628CA33FD008A0F7D /* LegacyHelperInfo.swift */,
				CEB4A42728D3B184004FA277 /* StateInfo.swift */,
				CE50557028D65B48000E4387 /* XPCValidation.swift */,
				CE1F5E3B28D760D400F61F67 /* Localization.swift */,
			);
			path = Common;
			sourceTree = "<group>";
		};
		CE6C06A328A84A9200D76CC8 /* IOPMPrivate */ = {
			isa = PBXGroup;
			children = (
				CE6C06A428A84AAB00D76CC8 /* module.modulemap */,
				CEC321B1284BBC93009B9A30 /* IOPowerSourcesPrivate.h */,
				CE2B96BD28A7CEFE00FE3DDB /* IOPMLibPrivate.h */,
			);
			path = IOPMPrivate;
			sourceTree = "<group>";
		};
		CE6C06B828A84C2400D76CC8 /* Preprocessor */ = {
			isa = PBXGroup;
			children = (
				CE2B96C328A81CB900FE3DDB /* module.modulemap */,
				CE2B96C228A81C5100FE3DDB /* BTPreprocessor.h */,
				CEE387BD28A836AA00C2007C /* BTPreprocessor.m */,
			);
			path = Preprocessor;
			sourceTree = "<group>";
		};
		CEB4671C2843C80D00D7CB01 /* SMCPrivate */ = {
			isa = PBXGroup;
			children = (
				CEB4671B2843BFA000D7CB01 /* SMCParamStruct.h */,
				CEB4671D2843C87200D7CB01 /* module.modulemap */,
			);
			path = SMCPrivate;
			sourceTree = "<group>";
		};
		CED8DD3628C364D60082C02A /* NSXPCConnectionAuditToken */ = {
			isa = PBXGroup;
			children = (
				CEA80FD3285A51600064ADEA /* NSXPCConnectionAuditToken.h */,
				CED8DD3728C364FA0082C02A /* module.modulemap */,
			);
			path = NSXPCConnectionAuditToken;
			sourceTree = "<group>";
		};
		CEECE31928BB648F00821A3B /* BatteryToolkitXPC */ = {
			isa = PBXGroup;
			children = (
				CEECE32028BB648F00821A3B /* Info.plist */,
				CEECE32728BB652400821A3B /* main.swift */,
				CEECE32F28BB742500821A3B /* ServiceCommProtocol.swift */,
				CEECE33228BB745B00821A3B /* ServiceComm.swift */,
				CE6B760828BC1D15008DF170 /* ServiceXPCServer.swift */,
			);
			path = BatteryToolkitXPC;
			sourceTree = "<group>";
		};
		CEF3496D28DCD34900A1CECD /* SecCodeEx */ = {
			isa = PBXGroup;
			children = (
				CEF3497028DCD55900A1CECD /* module.modulemap */,
				CEF3496F28DCD52400A1CECD /* SecCodeEx.h */,
				CEF3496E28DCD36100A1CECD /* SecCodeEx.c */,
			);
			path = SecCodeEx;
			sourceTree = "<group>";
		};
/* End PBXGroup section */

/* Begin PBXNativeTarget section */
		CE3974402859E518002D0EC9 /* me.mhaeuser.batterytoolkitd */ = {
			isa = PBXNativeTarget;
			buildConfigurationList = CE3974452859E518002D0EC9 /* Build configuration list for PBXNativeTarget "me.mhaeuser.batterytoolkitd" */;
			buildPhases = (
				CE39743D2859E518002D0EC9 /* Sources */,
				CE39743E2859E518002D0EC9 /* Frameworks */,
			);
			buildRules = (
			);
			dependencies = (
			);
			name = me.mhaeuser.batterytoolkitd;
			productName = batterytoolkitd;
			productReference = CE39744B2859E6D3002D0EC9 /* me.mhaeuser.batterytoolkitd */;
			productType = "com.apple.product-type.tool";
		};
		CE397453285A2193002D0EC9 /* BatteryToolkitStandalone */ = {
			isa = PBXNativeTarget;
			buildConfigurationList = CE397468285A2193002D0EC9 /* Build configuration list for PBXNativeTarget "BatteryToolkitStandalone" */;
			buildPhases = (
				CE397458285A2193002D0EC9 /* Sources */,
				CE397462285A2193002D0EC9 /* Frameworks */,
				CE397463285A2193002D0EC9 /* Resources */,
			);
			buildRules = (
			);
			dependencies = (
			);
			name = BatteryToolkitStandalone;
			productName = BatteryToolkit;
			productReference = CEA80FCA285A270F0064ADEA /* BatteryToolkitStandalone.app */;
			productType = "com.apple.product-type.application";
		};
		CE52867228298B6D00860C7B /* Battery Toolkit */ = {
			isa = PBXNativeTarget;
			buildConfigurationList = CE52868228298B6E00860C7B /* Build configuration list for PBXNativeTarget "Battery Toolkit" */;
			buildPhases = (
				CE52866F28298B6D00860C7B /* Sources */,
				CE52867028298B6D00860C7B /* Frameworks */,
				CE52867128298B6D00860C7B /* Resources */,
				CE3D5ADC285DE59100705842 /* Embed XPC Services */,
				CE3C1D8428C7FB09008A0F7D /* CopyFiles */,
				CE3C1DA028C92A3A008A0F7D /* CopyFiles */,
			);
			buildRules = (
			);
			dependencies = (
				CE397451285A2100002D0EC9 /* PBXTargetDependency */,
				CEECE32228BB648F00821A3B /* PBXTargetDependency */,
			);
			name = "Battery Toolkit";
			productName = BatteryToolkit;
			productReference = CE39744C285A1D35002D0EC9 /* Battery Toolkit.app */;
			productType = "com.apple.product-type.application";
		};
		CEECE31728BB648F00821A3B /* BatteryToolkitXPC */ = {
			isa = PBXNativeTarget;
			buildConfigurationList = CEECE32428BB648F00821A3B /* Build configuration list for PBXNativeTarget "BatteryToolkitXPC" */;
			buildPhases = (
				CEECE31428BB648F00821A3B /* Sources */,
				CEECE31528BB648F00821A3B /* Frameworks */,
			);
			buildRules = (
			);
			dependencies = (
			);
			name = BatteryToolkitXPC;
			productName = BatteryToolkitXPC;
			productReference = CEECE31828BB648F00821A3B /* BatteryToolkitXPC.xpc */;
			productType = "com.apple.product-type.xpc-service";
		};
/* End PBXNativeTarget section */

/* Begin PBXProject section */
		CE52866B28298B6D00860C7B /* Project object */ = {
			isa = PBXProject;
			attributes = {
				BuildIndependentTargetsInParallel = 1;
				LastSwiftUpdateCheck = 1340;
				LastUpgradeCheck = 1340;
				TargetAttributes = {
					CE3974402859E518002D0EC9 = {
						CreatedOnToolsVersion = 13.4.1;
						LastSwiftMigration = 1340;
					};
					CE52867228298B6D00860C7B = {
						CreatedOnToolsVersion = 13.3.1;
						LastSwiftMigration = 1340;
					};
					CEECE31728BB648F00821A3B = {
						CreatedOnToolsVersion = 13.4.1;
						LastSwiftMigration = 1340;
					};
				};
			};
			buildConfigurationList = CE52866E28298B6D00860C7B /* Build configuration list for PBXProject "BatteryToolkit" */;
			compatibilityVersion = "Xcode 13.0";
			developmentRegion = en;
			hasScannedForEncodings = 0;
			knownRegions = (
				en,
				Base,
				de,
			);
			mainGroup = CE52866A28298B6D00860C7B;
			productRefGroup = CE52866A28298B6D00860C7B;
			projectDirPath = "";
			projectRoot = "";
			targets = (
				CE52867228298B6D00860C7B /* Battery Toolkit */,
				CE3974402859E518002D0EC9 /* me.mhaeuser.batterytoolkitd */,
				CE397453285A2193002D0EC9 /* BatteryToolkitStandalone */,
				CEECE31728BB648F00821A3B /* BatteryToolkitXPC */,
			);
		};
/* End PBXProject section */

/* Begin PBXResourcesBuildPhase section */
		CE397463285A2193002D0EC9 /* Resources */ = {
			isa = PBXResourcesBuildPhase;
			buildActionMask = 2147483647;
			files = (
				CE1F5E3F28D76C6D00F61F67 /* Settings.storyboard in Resources */,
				CE397464285A2193002D0EC9 /* Main.storyboard in Resources */,
				CE397465285A2193002D0EC9 /* Assets.xcassets in Resources */,
			);
			runOnlyForDeploymentPostprocessing = 0;
		};
		CE52867128298B6D00860C7B /* Resources */ = {
			isa = PBXResourcesBuildPhase;
			buildActionMask = 2147483647;
			files = (
				CE1F5E3E28D76C6D00F61F67 /* Settings.storyboard in Resources */,
				CE3179F128DC729900E9C121 /* Upgrading.storyboard in Resources */,
				CE37DD0C283F80960060C43F /* Main.storyboard in Resources */,
				CE52867B28298B6E00860C7B /* Assets.xcassets in Resources */,
			);
			runOnlyForDeploymentPostprocessing = 0;
		};
/* End PBXResourcesBuildPhase section */

/* Begin PBXSourcesBuildPhase section */
		CE39743D2859E518002D0EC9 /* Sources */ = {
			isa = PBXSourcesBuildPhase;
			buildActionMask = 2147483647;
			files = (
				CE6B75FA28BC1908008DF170 /* DaemonCommProtocol.swift in Sources */,
				CE7F623428B95A7E00EF58F9 /* BTPreprocessor.m in Sources */,
				CEA80FD2285A28230064ADEA /* Settings.swift in Sources */,
				CEB4A42928D3B184004FA277 /* StateInfo.swift in Sources */,
				CE50557128D65B48000E4387 /* XPCValidation.swift in Sources */,
				CE2B96C028A7E2BB00FE3DDB /* SleepKit.swift in Sources */,
				CE3179EC28DB543200E9C121 /* Authorization.swift in Sources */,
				CEA80FD0285A27FB0064ADEA /* PowerEvents.swift in Sources */,
				CE3C1DA828CA33FD008A0F7D /* LegacyHelperInfo.swift in Sources */,
				CE8ED7F428C144EE00398581 /* Dispatcher.swift in Sources */,
				CEECE31128BAB12000821A3B /* PowerState.swift in Sources */,
				CEA80FCC285A27D20064ADEA /* SMCPowerKit.swift in Sources */,
				CEA80FD6285A565C0064ADEA /* DaemonComm.swift in Sources */,
				CE0DB56428BEB4E600B8FC4C /* SettingsInfo.swift in Sources */,
				CEA80FD8285A56B60064ADEA /* main.swift in Sources */,
				CE1F5E3728D7339D00F61F67 /* CSIdentification.swift in Sources */,
				CEA80FCB285A27CF0064ADEA /* SMCKit.swift in Sources */,
				CE54510228D9FE9D00D6EB5F /* DaemonManagement.swift in Sources */,
				CE397472285A2396002D0EC9 /* DaemonXPCServer.swift in Sources */,
				CEF3497128DCD75F00A1CECD /* SecCodeEx.c in Sources */,
			);
			runOnlyForDeploymentPostprocessing = 0;
		};
		CE397458285A2193002D0EC9 /* Sources */ = {
			isa = PBXSourcesBuildPhase;
			buildActionMask = 2147483647;
			files = (
				CEED18AF28BCB24D005F06FC /* Settings.swift in Sources */,
				CE7F623328B95A7300EF58F9 /* BTPreprocessor.m in Sources */,
				CE8ED7F528C16A5800398581 /* PowerEvents.swift in Sources */,
				CE8ED7F728C16AA200398581 /* Dispatcher.swift in Sources */,
				CE0DB56528BEB4E600B8FC4C /* SettingsInfo.swift in Sources */,
				CE1F5E3D28D760D400F61F67 /* Localization.swift in Sources */,
				CE39745A285A2193002D0EC9 /* SMCKit.swift in Sources */,
				CE8ED7F628C16A6500398581 /* PowerState.swift in Sources */,
				CE2B96C128A7E2BB00FE3DDB /* SleepKit.swift in Sources */,
				CE397460285A2193002D0EC9 /* SMCPowerKit.swift in Sources */,
				CEB4A42A28D3B184004FA277 /* StateInfo.swift in Sources */,
				CE397470285A22BB002D0EC9 /* BatteryToolkit.swift in Sources */,
				CE397461285A2193002D0EC9 /* AppDelegate.swift in Sources */,
				CEB4A43028D4D4D0004FA277 /* SettingsWindowController.swift in Sources */,
				CEB4A42D28D3B97A004FA277 /* MenuBarExtraMenuDelegate.swift in Sources */,
			);
			runOnlyForDeploymentPostprocessing = 0;
		};
		CE52866F28298B6D00860C7B /* Sources */ = {
			isa = PBXSourcesBuildPhase;
			buildActionMask = 2147483647;
			files = (
				CE3179F528DC72D800E9C121 /* UpgradingViewController.swift in Sources */,
				CE7F623528B95A8200EF58F9 /* BTPreprocessor.m in Sources */,
				CE54510428DA017300D6EB5F /* AppPrompts.swift in Sources */,
				CEB4A42428D39ECE004FA277 /* DaemonManagementStatus.swift in Sources */,
				CE3C1DA528CA2FF5008A0F7D /* AuthorizationService.swift in Sources */,
				CEB09B7328D7B9A5007FFB37 /* DaemonManagementLegacy.swift in Sources */,
				CE6B760728BC1ABC008DF170 /* AppXPCClient.swift in Sources */,
				CE1F5E3A28D7399D00F61F67 /* CSIdentification.swift in Sources */,
				CE3C1DA328C9329F008A0F7D /* DaemonManagement.swift in Sources */,
				CE6B75F928BC18EA008DF170 /* DaemonCommProtocol.swift in Sources */,
				CEB4A42F28D4D4D0004FA277 /* SettingsWindowController.swift in Sources */,
				CE397478285A25A1002D0EC9 /* DaemonXPCClient.swift in Sources */,
				CE0DB56328BEB4E600B8FC4C /* SettingsInfo.swift in Sources */,
				CE30CBA128C48995001E2AC6 /* SettingsViewController.swift in Sources */,
				CE85D05F28D7B7E6005D1E0C /* DaemonManagementService.swift in Sources */,
				CEECE33028BB742500821A3B /* ServiceCommProtocol.swift in Sources */,
				CE3179ED28DB543600E9C121 /* Authorization.swift in Sources */,
				CE39746E285A229F002D0EC9 /* BatteryToolkit.swift in Sources */,
				CE52868628298CA300860C7B /* AppDelegate.swift in Sources */,
				CE1F5E3C28D760D400F61F67 /* Localization.swift in Sources */,
				CE3C1DA728CA33FD008A0F7D /* LegacyHelperInfo.swift in Sources */,
				CEB4A42828D3B184004FA277 /* StateInfo.swift in Sources */,
				CEB4A42C28D3B97A004FA277 /* MenuBarExtraMenuDelegate.swift in Sources */,
			);
			runOnlyForDeploymentPostprocessing = 0;
		};
		CEECE31428BB648F00821A3B /* Sources */ = {
			isa = PBXSourcesBuildPhase;
			buildActionMask = 2147483647;
			files = (
				CE50557328D65C6D000E4387 /* BTPreprocessor.m in Sources */,
				CEECE33128BB742500821A3B /* ServiceCommProtocol.swift in Sources */,
				CE6B760928BC1D15008DF170 /* ServiceXPCServer.swift in Sources */,
				CEECE32828BB652400821A3B /* main.swift in Sources */,
				CE50557228D65B48000E4387 /* XPCValidation.swift in Sources */,
				CE3179EA28DB540600E9C121 /* Authorization.swift in Sources */,
				CEECE33328BB745B00821A3B /* ServiceComm.swift in Sources */,
				CEF3497228DCD77000A1CECD /* SecCodeEx.c in Sources */,
			);
			runOnlyForDeploymentPostprocessing = 0;
		};
/* End PBXSourcesBuildPhase section */

/* Begin PBXTargetDependency section */
		CE397451285A2100002D0EC9 /* PBXTargetDependency */ = {
			isa = PBXTargetDependency;
			target = CE3974402859E518002D0EC9 /* me.mhaeuser.batterytoolkitd */;
			targetProxy = CE397450285A2100002D0EC9 /* PBXContainerItemProxy */;
		};
		CEECE32228BB648F00821A3B /* PBXTargetDependency */ = {
			isa = PBXTargetDependency;
			target = CEECE31728BB648F00821A3B /* BatteryToolkitXPC */;
			targetProxy = CEECE32128BB648F00821A3B /* PBXContainerItemProxy */;
		};
/* End PBXTargetDependency section */

/* Begin PBXVariantGroup section */
		CE1F5E4128D76C6D00F61F67 /* Settings.storyboard */ = {
			isa = PBXVariantGroup;
			children = (
				CE1F5E4028D76C6D00F61F67 /* Base */,
			);
			name = Settings.storyboard;
			sourceTree = "<group>";
		};
		CE3179F328DC729900E9C121 /* Upgrading.storyboard */ = {
			isa = PBXVariantGroup;
			children = (
				CE3179F228DC729900E9C121 /* Base */,
			);
			name = Upgrading.storyboard;
			sourceTree = "<group>";
		};
		CE37DD0A283F80960060C43F /* Main.storyboard */ = {
			isa = PBXVariantGroup;
			children = (
				CE37DD0B283F80960060C43F /* Base */,
			);
			name = Main.storyboard;
			sourceTree = "<group>";
		};
/* End PBXVariantGroup section */

/* Begin XCBuildConfiguration section */
		CE3974462859E518002D0EC9 /* Debug */ = {
			isa = XCBuildConfiguration;
			buildSettings = {
				CREATE_INFOPLIST_SECTION_IN_BINARY = YES;
				INFOPLIST_FILE = "$(SRCROOT)/$(PRODUCT_NAME)/Info.plist";
				INFOPLIST_KEY_CFBundleDisplayName = "";
				INFOPLIST_KEY_NSHumanReadableCopyright = "";
				OTHER_LDFLAGS = (
					"-sectcreate",
					__TEXT,
					__launchd_plist,
					"$(SRCROOT)/$(PRODUCT_NAME)/launchd.plist",
				);
				PRODUCT_BUNDLE_IDENTIFIER = me.mhaeuser.batterytoolkitd;
				SKIP_INSTALL = YES;
			};
			name = Debug;
		};
		CE3974472859E518002D0EC9 /* Release */ = {
			isa = XCBuildConfiguration;
			buildSettings = {
				CREATE_INFOPLIST_SECTION_IN_BINARY = YES;
				INFOPLIST_FILE = "$(SRCROOT)/$(PRODUCT_NAME)/Info.plist";
				INFOPLIST_KEY_CFBundleDisplayName = "";
				INFOPLIST_KEY_NSHumanReadableCopyright = "";
				OTHER_LDFLAGS = (
					"-sectcreate",
					__TEXT,
					__launchd_plist,
					"$(SRCROOT)/$(PRODUCT_NAME)/launchd.plist",
				);
				PRODUCT_BUNDLE_IDENTIFIER = me.mhaeuser.batterytoolkitd;
				SKIP_INSTALL = YES;
			};
			name = Release;
		};
		CE397469285A2193002D0EC9 /* Debug */ = {
			isa = XCBuildConfiguration;
			buildSettings = {
				ASSETCATALOG_COMPILER_APPICON_NAME = AppIcon;
				ASSETCATALOG_COMPILER_GLOBAL_ACCENT_COLOR_NAME = AccentColor;
				BT_APP_NAME = me.mhaeuser.BatteryToolkitStandalone;
				BT_DAEMON_NAME = me.mhaeuser.BatteryToolkitStandalone;
				BT_SERVICE_NAME = me.mhaeuser.BatteryToolkitStandalone;
				GENERATE_INFOPLIST_FILE = YES;
				INFOPLIST_KEY_CFBundleDisplayName = "Battery Toolkit (Standalone)";
				INFOPLIST_KEY_LSApplicationCategoryType = "public.app-category.utilities";
				INFOPLIST_KEY_NSMainStoryboardFile = Main;
				INFOPLIST_KEY_NSPrincipalClass = NSApplication;
				PRODUCT_BUNDLE_IDENTIFIER = me.mhaeuser.BatteryToolkitStandalone;
			};
			name = Debug;
		};
		CE39746A285A2193002D0EC9 /* Release */ = {
			isa = XCBuildConfiguration;
			buildSettings = {
				ASSETCATALOG_COMPILER_APPICON_NAME = AppIcon;
				ASSETCATALOG_COMPILER_GLOBAL_ACCENT_COLOR_NAME = AccentColor;
				BT_APP_NAME = me.mhaeuser.BatteryToolkitStandalone;
				BT_DAEMON_NAME = me.mhaeuser.BatteryToolkitStandalone;
				BT_SERVICE_NAME = me.mhaeuser.BatteryToolkitStandalone;
				GENERATE_INFOPLIST_FILE = YES;
				INFOPLIST_KEY_CFBundleDisplayName = "Battery Toolkit (Standalone)";
				INFOPLIST_KEY_LSApplicationCategoryType = "public.app-category.utilities";
				INFOPLIST_KEY_NSMainStoryboardFile = Main;
				INFOPLIST_KEY_NSPrincipalClass = NSApplication;
				PRODUCT_BUNDLE_IDENTIFIER = me.mhaeuser.BatteryToolkitStandalone;
			};
			name = Release;
		};
		CE52868028298B6E00860C7B /* Debug */ = {
			isa = XCBuildConfiguration;
			buildSettings = {
				ALWAYS_SEARCH_USER_PATHS = NO;
				BT_APP_NAME = me.mhaeuser.BatteryToolkit;
				BT_CODE_SIGN_CN = "Apple Development: mhaeuser@posteo.de (FK3MXHN3BX)";
				BT_DAEMON_NAME = me.mhaeuser.batterytoolkitd;
				BT_SERVICE_NAME = me.mhaeuser.BatteryToolkitXPC;
				CLANG_ANALYZER_GCD_PERFORMANCE = YES;
				CLANG_ANALYZER_LOCALIZABILITY_EMPTY_CONTEXT = YES;
				CLANG_ANALYZER_LOCALIZABILITY_NONLOCALIZED = YES;
				CLANG_ANALYZER_NONNULL = YES;
				CLANG_ANALYZER_NUMBER_OBJECT_CONVERSION = YES_AGGRESSIVE;
				CLANG_ANALYZER_OSOBJECT_C_STYLE_CAST = YES;
				CLANG_ANALYZER_SECURITY_FLOATLOOPCOUNTER = YES;
				CLANG_ANALYZER_SECURITY_INSECUREAPI_RAND = YES;
				CLANG_ANALYZER_SECURITY_INSECUREAPI_STRCPY = YES;
				CLANG_CXX_LANGUAGE_STANDARD = "c++17";
				CLANG_ENABLE_MODULES = YES;
				CLANG_ENABLE_OBJC_ARC = YES;
				CLANG_ENABLE_OBJC_WEAK = YES;
				CLANG_TIDY_BUGPRONE_REDUNDANT_BRANCH_CONDITION = YES;
				CLANG_TIDY_MISC_REDUNDANT_EXPRESSION = YES;
				CLANG_UNDEFINED_BEHAVIOR_SANITIZER_NULLABILITY = YES;
				CLANG_WARN_ASSIGN_ENUM = YES;
				CLANG_WARN_ATOMIC_IMPLICIT_SEQ_CST = YES;
				CLANG_WARN_BLOCK_CAPTURE_AUTORELEASING = YES;
				CLANG_WARN_BOOL_CONVERSION = YES;
				CLANG_WARN_COMMA = YES;
				CLANG_WARN_COMPLETION_HANDLER_MISUSE = YES;
				CLANG_WARN_CONSTANT_CONVERSION = YES;
				CLANG_WARN_CXX0X_EXTENSIONS = YES;
				CLANG_WARN_DEPRECATED_OBJC_IMPLEMENTATIONS = YES;
				CLANG_WARN_DIRECT_OBJC_ISA_USAGE = YES_ERROR;
				CLANG_WARN_DOCUMENTATION_COMMENTS = YES;
				CLANG_WARN_EMPTY_BODY = YES;
				CLANG_WARN_ENUM_CONVERSION = YES;
				CLANG_WARN_FLOAT_CONVERSION = YES;
				CLANG_WARN_FRAMEWORK_INCLUDE_PRIVATE_FROM_PUBLIC = YES;
				CLANG_WARN_IMPLICIT_FALLTHROUGH = YES_ERROR;
				CLANG_WARN_IMPLICIT_SIGN_CONVERSION = YES;
				CLANG_WARN_INFINITE_RECURSION = YES;
				CLANG_WARN_INT_CONVERSION = YES;
				CLANG_WARN_NON_LITERAL_NULL_CONVERSION = YES;
				CLANG_WARN_OBJC_EXPLICIT_OWNERSHIP_TYPE = YES;
				CLANG_WARN_OBJC_IMPLICIT_ATOMIC_PROPERTIES = YES;
				CLANG_WARN_OBJC_IMPLICIT_RETAIN_SELF = YES;
				CLANG_WARN_OBJC_INTERFACE_IVARS = YES;
				CLANG_WARN_OBJC_LITERAL_CONVERSION = YES;
				CLANG_WARN_OBJC_MISSING_PROPERTY_SYNTHESIS = YES;
				CLANG_WARN_OBJC_REPEATED_USE_OF_WEAK = YES;
				CLANG_WARN_OBJC_ROOT_CLASS = YES_ERROR;
				CLANG_WARN_QUOTED_INCLUDE_IN_FRAMEWORK_HEADER = YES;
				CLANG_WARN_RANGE_LOOP_ANALYSIS = YES;
				CLANG_WARN_SEMICOLON_BEFORE_METHOD_BODY = YES;
				CLANG_WARN_STRICT_PROTOTYPES = YES;
				CLANG_WARN_SUSPICIOUS_IMPLICIT_CONVERSION = YES;
				CLANG_WARN_SUSPICIOUS_MOVE = YES;
				CLANG_WARN_UNGUARDED_AVAILABILITY = YES_AGGRESSIVE;
				CLANG_WARN_UNREACHABLE_CODE = YES;
				CLANG_WARN__DUPLICATE_METHOD_MATCH = YES;
				CLANG_WARN__EXIT_TIME_DESTRUCTORS = YES;
				CODE_SIGN_IDENTITY = "Apple Development";
				CODE_SIGN_STYLE = Manual;
				COMBINE_HIDPI_IMAGES = YES;
				COPY_PHASE_STRIP = NO;
				CURRENT_PROJECT_VERSION = 1;
				DEAD_CODE_STRIPPING = YES;
				DEBUG_INFORMATION_FORMAT = dwarf;
				DEVELOPMENT_TEAM = EMH49F8A2Y;
				ENABLE_HARDENED_RUNTIME = YES;
				ENABLE_STRICT_OBJC_MSGSEND = YES;
				ENABLE_TESTABILITY = YES;
				ENABLE_USER_SCRIPT_SANDBOXING = YES;
				GCC_CHAR_IS_UNSIGNED_CHAR = YES;
				GCC_C_LANGUAGE_STANDARD = c11;
				GCC_DYNAMIC_NO_PIC = YES;
				GCC_ENABLE_ASM_KEYWORD = NO;
				GCC_FAST_MATH = YES;
				GCC_NO_COMMON_BLOCKS = YES;
				GCC_OPTIMIZATION_LEVEL = 0;
				GCC_PREPROCESSOR_DEFINITIONS = (
					"DEBUG=1",
					"\"BT_APP_NAME_=\\\"$(BT_APP_NAME)\\\"\"",
					"\"BT_DAEMON_NAME_=\\\"$(BT_DAEMON_NAME)\\\"\"",
					"\"BT_CODE_SIGN_CN_=\\\"$(BT_CODE_SIGN_CN)\\\"\"",
					"\"BT_SERVICE_NAME_=\\\"$(BT_SERVICE_NAME)\\\"\"",
				);
				GCC_SYMBOLS_PRIVATE_EXTERN = YES;
				GCC_TREAT_IMPLICIT_FUNCTION_DECLARATIONS_AS_ERRORS = YES;
				GCC_TREAT_INCOMPATIBLE_POINTER_TYPE_WARNINGS_AS_ERRORS = YES;
				GCC_WARN_64_TO_32_BIT_CONVERSION = YES;
				GCC_WARN_ABOUT_MISSING_FIELD_INITIALIZERS = YES;
				GCC_WARN_ABOUT_MISSING_NEWLINE = YES;
				GCC_WARN_ABOUT_MISSING_PROTOTYPES = YES;
				GCC_WARN_ABOUT_RETURN_TYPE = YES_ERROR;
				GCC_WARN_FOUR_CHARACTER_CONSTANTS = YES;
				GCC_WARN_HIDDEN_VIRTUAL_FUNCTIONS = YES;
				GCC_WARN_INITIALIZER_NOT_FULLY_BRACKETED = YES;
				GCC_WARN_NON_VIRTUAL_DESTRUCTOR = YES;
				GCC_WARN_PEDANTIC = YES;
				GCC_WARN_SHADOW = YES;
				GCC_WARN_SIGN_COMPARE = YES;
				GCC_WARN_STRICT_SELECTOR_MATCH = YES;
				GCC_WARN_UNDECLARED_SELECTOR = YES;
				GCC_WARN_UNINITIALIZED_AUTOS = YES_AGGRESSIVE;
				GCC_WARN_UNKNOWN_PRAGMAS = YES;
				GCC_WARN_UNUSED_FUNCTION = YES;
				GCC_WARN_UNUSED_LABEL = YES;
				GCC_WARN_UNUSED_PARAMETER = YES;
				GCC_WARN_UNUSED_VARIABLE = YES;
				HEADER_SEARCH_PATHS = .;
				INFOPLIST_KEY_CFBundleDisplayName = "Battery Toolkit";
				INFOPLIST_KEY_NSHumanReadableCopyright = "Copyright © 2022 Marvin Häuser. All rights reserved.";
				LLVM_LTO = YES_THIN;
				MACOSX_DEPLOYMENT_TARGET = 11.0;
				MARKETING_VERSION = 1.0;
				MTL_ENABLE_DEBUG_INFO = INCLUDE_SOURCE;
				MTL_FAST_MATH = YES;
				ONLY_ACTIVE_ARCH = YES;
				OTHER_CODE_SIGN_FLAGS = "-o hard,kill,restrict,enforce,library-validation,library,runtime";
				PRODUCT_NAME = "$(TARGET_NAME)";
				SDKROOT = macosx;
				SWIFT_ACTIVE_COMPILATION_CONDITIONS = DEBUG;
				SWIFT_OPTIMIZATION_LEVEL = "-Onone";
				SWIFT_STRICT_CONCURRENCY = complete;
				SWIFT_VERSION = 5.0;
			};
			name = Debug;
		};
		CE52868128298B6E00860C7B /* Release */ = {
			isa = XCBuildConfiguration;
			buildSettings = {
				ALWAYS_SEARCH_USER_PATHS = NO;
				BT_APP_NAME = me.mhaeuser.BatteryToolkit;
				BT_CODE_SIGN_CN = "Apple Development: mhaeuser@posteo.de (FK3MXHN3BX)";
				BT_DAEMON_NAME = me.mhaeuser.batterytoolkitd;
				BT_SERVICE_NAME = me.mhaeuser.BatteryToolkitXPC;
				CLANG_ANALYZER_GCD_PERFORMANCE = YES;
				CLANG_ANALYZER_LOCALIZABILITY_EMPTY_CONTEXT = YES;
				CLANG_ANALYZER_LOCALIZABILITY_NONLOCALIZED = YES;
				CLANG_ANALYZER_NONNULL = YES;
				CLANG_ANALYZER_NUMBER_OBJECT_CONVERSION = YES_AGGRESSIVE;
				CLANG_ANALYZER_OSOBJECT_C_STYLE_CAST = YES;
				CLANG_ANALYZER_SECURITY_FLOATLOOPCOUNTER = YES;
				CLANG_ANALYZER_SECURITY_INSECUREAPI_RAND = YES;
				CLANG_ANALYZER_SECURITY_INSECUREAPI_STRCPY = YES;
				CLANG_CXX_LANGUAGE_STANDARD = "c++17";
				CLANG_ENABLE_MODULES = YES;
				CLANG_ENABLE_OBJC_ARC = YES;
				CLANG_ENABLE_OBJC_WEAK = YES;
				CLANG_TIDY_BUGPRONE_REDUNDANT_BRANCH_CONDITION = YES;
				CLANG_TIDY_MISC_REDUNDANT_EXPRESSION = YES;
				CLANG_UNDEFINED_BEHAVIOR_SANITIZER_NULLABILITY = YES;
				CLANG_WARN_ASSIGN_ENUM = YES;
				CLANG_WARN_ATOMIC_IMPLICIT_SEQ_CST = YES;
				CLANG_WARN_BLOCK_CAPTURE_AUTORELEASING = YES;
				CLANG_WARN_BOOL_CONVERSION = YES;
				CLANG_WARN_COMMA = YES;
				CLANG_WARN_COMPLETION_HANDLER_MISUSE = YES;
				CLANG_WARN_CONSTANT_CONVERSION = YES;
				CLANG_WARN_CXX0X_EXTENSIONS = YES;
				CLANG_WARN_DEPRECATED_OBJC_IMPLEMENTATIONS = YES;
				CLANG_WARN_DIRECT_OBJC_ISA_USAGE = YES_ERROR;
				CLANG_WARN_DOCUMENTATION_COMMENTS = YES;
				CLANG_WARN_EMPTY_BODY = YES;
				CLANG_WARN_ENUM_CONVERSION = YES;
				CLANG_WARN_FLOAT_CONVERSION = YES;
				CLANG_WARN_FRAMEWORK_INCLUDE_PRIVATE_FROM_PUBLIC = YES;
				CLANG_WARN_IMPLICIT_FALLTHROUGH = YES_ERROR;
				CLANG_WARN_IMPLICIT_SIGN_CONVERSION = YES;
				CLANG_WARN_INFINITE_RECURSION = YES;
				CLANG_WARN_INT_CONVERSION = YES;
				CLANG_WARN_NON_LITERAL_NULL_CONVERSION = YES;
				CLANG_WARN_OBJC_EXPLICIT_OWNERSHIP_TYPE = YES;
				CLANG_WARN_OBJC_IMPLICIT_ATOMIC_PROPERTIES = YES;
				CLANG_WARN_OBJC_IMPLICIT_RETAIN_SELF = YES;
				CLANG_WARN_OBJC_INTERFACE_IVARS = YES;
				CLANG_WARN_OBJC_LITERAL_CONVERSION = YES;
				CLANG_WARN_OBJC_MISSING_PROPERTY_SYNTHESIS = YES;
				CLANG_WARN_OBJC_REPEATED_USE_OF_WEAK = YES;
				CLANG_WARN_OBJC_ROOT_CLASS = YES_ERROR;
				CLANG_WARN_QUOTED_INCLUDE_IN_FRAMEWORK_HEADER = YES;
				CLANG_WARN_RANGE_LOOP_ANALYSIS = YES;
				CLANG_WARN_SEMICOLON_BEFORE_METHOD_BODY = YES;
				CLANG_WARN_STRICT_PROTOTYPES = YES;
				CLANG_WARN_SUSPICIOUS_IMPLICIT_CONVERSION = YES;
				CLANG_WARN_SUSPICIOUS_MOVE = YES;
				CLANG_WARN_UNGUARDED_AVAILABILITY = YES_AGGRESSIVE;
				CLANG_WARN_UNREACHABLE_CODE = YES;
				CLANG_WARN__DUPLICATE_METHOD_MATCH = YES;
				CLANG_WARN__EXIT_TIME_DESTRUCTORS = YES;
				CODE_SIGN_IDENTITY = "Apple Development";
				CODE_SIGN_STYLE = Manual;
				COMBINE_HIDPI_IMAGES = YES;
				COPY_PHASE_STRIP = NO;
				CURRENT_PROJECT_VERSION = 1;
				DEAD_CODE_STRIPPING = YES;
				DEBUG_INFORMATION_FORMAT = "dwarf-with-dsym";
				DEVELOPMENT_TEAM = EMH49F8A2Y;
				ENABLE_HARDENED_RUNTIME = YES;
				ENABLE_NS_ASSERTIONS = NO;
				ENABLE_STRICT_OBJC_MSGSEND = YES;
				ENABLE_USER_SCRIPT_SANDBOXING = YES;
				GCC_CHAR_IS_UNSIGNED_CHAR = YES;
				GCC_C_LANGUAGE_STANDARD = c11;
				GCC_DYNAMIC_NO_PIC = YES;
				GCC_ENABLE_ASM_KEYWORD = NO;
				GCC_FAST_MATH = YES;
				GCC_NO_COMMON_BLOCKS = YES;
				GCC_PREPROCESSOR_DEFINITIONS = (
					"\"BT_APP_NAME_=\\\"$(BT_APP_NAME)\\\"\"",
					"\"BT_DAEMON_NAME_=\\\"$(BT_DAEMON_NAME)\\\"\"",
					"\"BT_CODE_SIGN_CN_=\\\"$(BT_CODE_SIGN_CN)\\\"\"",
					"\"BT_SERVICE_NAME_=\\\"$(BT_SERVICE_NAME)\\\"\"",
				);
				GCC_SYMBOLS_PRIVATE_EXTERN = YES;
				GCC_TREAT_IMPLICIT_FUNCTION_DECLARATIONS_AS_ERRORS = YES;
				GCC_TREAT_INCOMPATIBLE_POINTER_TYPE_WARNINGS_AS_ERRORS = YES;
				GCC_WARN_64_TO_32_BIT_CONVERSION = YES;
				GCC_WARN_ABOUT_MISSING_FIELD_INITIALIZERS = YES;
				GCC_WARN_ABOUT_MISSING_NEWLINE = YES;
				GCC_WARN_ABOUT_MISSING_PROTOTYPES = YES;
				GCC_WARN_ABOUT_RETURN_TYPE = YES_ERROR;
				GCC_WARN_FOUR_CHARACTER_CONSTANTS = YES;
				GCC_WARN_HIDDEN_VIRTUAL_FUNCTIONS = YES;
				GCC_WARN_INITIALIZER_NOT_FULLY_BRACKETED = YES;
				GCC_WARN_NON_VIRTUAL_DESTRUCTOR = YES;
				GCC_WARN_PEDANTIC = YES;
				GCC_WARN_SHADOW = YES;
				GCC_WARN_SIGN_COMPARE = YES;
				GCC_WARN_STRICT_SELECTOR_MATCH = YES;
				GCC_WARN_UNDECLARED_SELECTOR = YES;
				GCC_WARN_UNINITIALIZED_AUTOS = YES_AGGRESSIVE;
				GCC_WARN_UNKNOWN_PRAGMAS = YES;
				GCC_WARN_UNUSED_FUNCTION = YES;
				GCC_WARN_UNUSED_LABEL = YES;
				GCC_WARN_UNUSED_PARAMETER = YES;
				GCC_WARN_UNUSED_VARIABLE = YES;
				HEADER_SEARCH_PATHS = .;
				INFOPLIST_KEY_CFBundleDisplayName = "Battery Toolkit";
				INFOPLIST_KEY_NSHumanReadableCopyright = "Copyright © 2022 Marvin Häuser. All rights reserved.";
				LLVM_LTO = YES_THIN;
				MACOSX_DEPLOYMENT_TARGET = 11.0;
				MARKETING_VERSION = 1.0;
				MTL_ENABLE_DEBUG_INFO = NO;
				MTL_FAST_MATH = YES;
				OTHER_CODE_SIGN_FLAGS = "-o hard,kill,restrict,enforce,library-validation,library,runtime";
				PRODUCT_NAME = "$(TARGET_NAME)";
				SDKROOT = macosx;
				SWIFT_COMPILATION_MODE = wholemodule;
				SWIFT_OPTIMIZATION_LEVEL = "-O";
				SWIFT_STRICT_CONCURRENCY = complete;
				SWIFT_VERSION = 5.0;
			};
			name = Release;
		};
		CE52868328298B6E00860C7B /* Debug */ = {
			isa = XCBuildConfiguration;
			buildSettings = {
				ASSETCATALOG_COMPILER_APPICON_NAME = AppIcon;
				ASSETCATALOG_COMPILER_GLOBAL_ACCENT_COLOR_NAME = AccentColor;
				CODE_SIGN_ENTITLEMENTS = BatteryToolkit/BatteryToolkit.entitlements;
				GENERATE_INFOPLIST_FILE = YES;
				INFOPLIST_FILE = "$(SRCROOT)/BatteryToolkit/Info.plist";
				INFOPLIST_KEY_LSApplicationCategoryType = "public.app-category.utilities";
				INFOPLIST_KEY_NSMainStoryboardFile = Main;
				INFOPLIST_KEY_NSPrincipalClass = NSApplication;
				PRODUCT_BUNDLE_IDENTIFIER = me.mhaeuser.BatteryToolkit;
			};
			name = Debug;
		};
		CE52868428298B6E00860C7B /* Release */ = {
			isa = XCBuildConfiguration;
			buildSettings = {
				ASSETCATALOG_COMPILER_APPICON_NAME = AppIcon;
				ASSETCATALOG_COMPILER_GLOBAL_ACCENT_COLOR_NAME = AccentColor;
				CODE_SIGN_ENTITLEMENTS = BatteryToolkit/BatteryToolkit.entitlements;
				GENERATE_INFOPLIST_FILE = YES;
				INFOPLIST_FILE = "$(SRCROOT)/BatteryToolkit/Info.plist";
				INFOPLIST_KEY_LSApplicationCategoryType = "public.app-category.utilities";
				INFOPLIST_KEY_NSMainStoryboardFile = Main;
				INFOPLIST_KEY_NSPrincipalClass = NSApplication;
				PRODUCT_BUNDLE_IDENTIFIER = me.mhaeuser.BatteryToolkit;
			};
			name = Release;
		};
		CEECE32528BB648F00821A3B /* Debug */ = {
			isa = XCBuildConfiguration;
			buildSettings = {
				GENERATE_INFOPLIST_FILE = YES;
				INFOPLIST_FILE = BatteryToolkitXPC/Info.plist;
				INFOPLIST_KEY_NSHumanReadableCopyright = "";
				PRODUCT_BUNDLE_IDENTIFIER = me.mhaeuser.BatteryToolkitXPC;
				SKIP_INSTALL = YES;
				STRIP_STYLE = all;
			};
			name = Debug;
		};
		CEECE32628BB648F00821A3B /* Release */ = {
			isa = XCBuildConfiguration;
			buildSettings = {
				GENERATE_INFOPLIST_FILE = YES;
				INFOPLIST_FILE = BatteryToolkitXPC/Info.plist;
				INFOPLIST_KEY_NSHumanReadableCopyright = "";
				PRODUCT_BUNDLE_IDENTIFIER = me.mhaeuser.BatteryToolkitXPC;
				SKIP_INSTALL = YES;
				STRIP_STYLE = all;
			};
			name = Release;
		};
/* End XCBuildConfiguration section */

/* Begin XCConfigurationList section */
		CE3974452859E518002D0EC9 /* Build configuration list for PBXNativeTarget "me.mhaeuser.batterytoolkitd" */ = {
			isa = XCConfigurationList;
			buildConfigurations = (
				CE3974462859E518002D0EC9 /* Debug */,
				CE3974472859E518002D0EC9 /* Release */,
			);
			defaultConfigurationIsVisible = 0;
			defaultConfigurationName = Release;
		};
		CE397468285A2193002D0EC9 /* Build configuration list for PBXNativeTarget "BatteryToolkitStandalone" */ = {
			isa = XCConfigurationList;
			buildConfigurations = (
				CE397469285A2193002D0EC9 /* Debug */,
				CE39746A285A2193002D0EC9 /* Release */,
			);
			defaultConfigurationIsVisible = 0;
			defaultConfigurationName = Release;
		};
		CE52866E28298B6D00860C7B /* Build configuration list for PBXProject "BatteryToolkit" */ = {
			isa = XCConfigurationList;
			buildConfigurations = (
				CE52868028298B6E00860C7B /* Debug */,
				CE52868128298B6E00860C7B /* Release */,
			);
			defaultConfigurationIsVisible = 0;
			defaultConfigurationName = Release;
		};
		CE52868228298B6E00860C7B /* Build configuration list for PBXNativeTarget "Battery Toolkit" */ = {
			isa = XCConfigurationList;
			buildConfigurations = (
				CE52868328298B6E00860C7B /* Debug */,
				CE52868428298B6E00860C7B /* Release */,
			);
			defaultConfigurationIsVisible = 0;
			defaultConfigurationName = Release;
		};
		CEECE32428BB648F00821A3B /* Build configuration list for PBXNativeTarget "BatteryToolkitXPC" */ = {
			isa = XCConfigurationList;
			buildConfigurations = (
				CEECE32528BB648F00821A3B /* Debug */,
				CEECE32628BB648F00821A3B /* Release */,
			);
			defaultConfigurationIsVisible = 0;
			defaultConfigurationName = Release;
		};
/* End XCConfigurationList section */
	};
	rootObject = CE52866B28298B6D00860C7B /* Project object */;
}
